// !$*UTF8*$!
{
	archiveVersion = 1;
	classes = {
	};
	objectVersion = 46;
	objects = {

/* Begin PBXBuildFile section */
		374279750B666E34E1C65454 /* libPods-FYHelperDemo.a in Frameworks */ = {isa = PBXBuildFile; fileRef = C4E109AF8B627A4230B088C2 /* libPods-FYHelperDemo.a */; };
		5BF2C0ADC9AB69C08F20BCDC /* update_pod.sh in Resources */ = {isa = PBXBuildFile; fileRef = 5BF2CA07E69F127AA33C4A6C /* update_pod.sh */; };
		5BF2C19F3248E1AD6782FE78 /* UIScreen+FYFrame.m in Sources */ = {isa = PBXBuildFile; fileRef = 5BF2CDD845304FD7EC5D65FD /* UIScreen+FYFrame.m */; };
		5BF2C217FA774794ADB945FC /* FirstViewController.m in Sources */ = {isa = PBXBuildFile; fileRef = 5BF2C4DE8F3D7C448E0BE29B /* FirstViewController.m */; };
		5BF2C276FA2EECC4A4395791 /* FYOtherUtil.m in Sources */ = {isa = PBXBuildFile; fileRef = 5BF2C58C3FDF48256CBFEB12 /* FYOtherUtil.m */; };
		5BF2C27D17CA2F40FE0F25CD /* makefile in Sources */ = {isa = PBXBuildFile; fileRef = 5BF2C199D5AB515E66FA18FC /* makefile */; };
		5BF2C2B952E6F3E29751C387 /* UIAlertView+Addition.m in Sources */ = {isa = PBXBuildFile; fileRef = 5BF2C54FB4BFA632240316B1 /* UIAlertView+Addition.m */; };
		5BF2C2D7A1925824DBEBF4A9 /* FYNavigationController.m in Sources */ = {isa = PBXBuildFile; fileRef = 5BF2CE4984140B231BAE3CAC /* FYNavigationController.m */; };
		5BF2C356489AC5F4725BD3E6 /* UIView+Layer.m in Sources */ = {isa = PBXBuildFile; fileRef = 5BF2CAE07C05DE8F52281A04 /* UIView+Layer.m */; };
		5BF2C37EB27F47F8A19DB38A /* NSDate+FYCompare.m in Sources */ = {isa = PBXBuildFile; fileRef = 5BF2C813B5BB8C56AB5F14D1 /* NSDate+FYCompare.m */; };
		5BF2C47162610D8B3B553734 /* DDLog+FYSetup.m in Sources */ = {isa = PBXBuildFile; fileRef = 5BF2CEF8FCF3C2F7162736E4 /* DDLog+FYSetup.m */; };
		5BF2C495B49E741BC8617530 /* NSTimer+FYBlocks.m in Sources */ = {isa = PBXBuildFile; fileRef = 5BF2C9D8EBFB913397640CD3 /* NSTimer+FYBlocks.m */; };
		5BF2C498DB2986024D2A9F04 /* FYErrorUtil.m in Sources */ = {isa = PBXBuildFile; fileRef = 5BF2C09D45E05A6766A1F400 /* FYErrorUtil.m */; };
		5BF2C4999B7A2E7A80EE9A2E /* FYBorderButton.m in Sources */ = {isa = PBXBuildFile; fileRef = 5BF2C34114D0F35DFDA6823E /* FYBorderButton.m */; };
		5BF2C4C24234AC75D7BCD373 /* UIButton+FYCountDown.m in Sources */ = {isa = PBXBuildFile; fileRef = 5BF2CD5D4D66C97F26360C2E /* UIButton+FYCountDown.m */; };
		5BF2C4CED9700E693671FD22 /* UIScrollView+FYTouch.m in Sources */ = {isa = PBXBuildFile; fileRef = 5BF2CDDF7D8A3E6A2FE5BF8A /* UIScrollView+FYTouch.m */; };
		5BF2C5092A73DFB225523FB3 /* UIImage+Addition.m in Sources */ = {isa = PBXBuildFile; fileRef = 5BF2C1F6E39CF7C45C7943AF /* UIImage+Addition.m */; };
		5BF2C5456D1E7A5928E3E890 /* FYHelperDemoTests.m in Sources */ = {isa = PBXBuildFile; fileRef = 5BF2C874D54CFF64FA513D98 /* FYHelperDemoTests.m */; };
		5BF2C5AB44C1BBB049069A3A /* UIView+FYFrame.m in Sources */ = {isa = PBXBuildFile; fileRef = 5BF2C870A9C43949FD57044B /* UIView+FYFrame.m */; };
		5BF2C601417ABEC77703B49D /* AppDelegate.m in Sources */ = {isa = PBXBuildFile; fileRef = 5BF2C290B6DFA2230BD044AB /* AppDelegate.m */; };
		5BF2C637AEC42B0BFD3C4EC8 /* UINavigationController+FY.m in Sources */ = {isa = PBXBuildFile; fileRef = 5BF2CFA517F6DEC836D57BD8 /* UINavigationController+FY.m */; };
		5BF2C697997ED0417EDCB795 /* NSDate+FYFormat.m in Sources */ = {isa = PBXBuildFile; fileRef = 5BF2C2D3F098D5E97DDECD7D /* NSDate+FYFormat.m */; };
		5BF2C6CB06CE04AA06D6BC7B /* UILabel+Addition.m in Sources */ = {isa = PBXBuildFile; fileRef = 5BF2CCA96707B9F1042C566E /* UILabel+Addition.m */; };
		5BF2C7127F245F2FC4DD569A /* UIButton+FYBlock.m in Sources */ = {isa = PBXBuildFile; fileRef = 5BF2CE344B4C84BDE339FEDF /* UIButton+FYBlock.m */; };
		5BF2C7177DE6EA4B069B272B /* Info.plist in Resources */ = {isa = PBXBuildFile; fileRef = 5BF2C82F11D8FCBAE3FB1989 /* Info.plist */; };
		5BF2C738DD3602E56C55F992 /* UIViewController+FYBackButtonTouched.m in Sources */ = {isa = PBXBuildFile; fileRef = 5BF2C1295FB37CAA28322233 /* UIViewController+FYBackButtonTouched.m */; };
		5BF2C7DF6B8B957B37F2B005 /* UIView+FYBorder.m in Sources */ = {isa = PBXBuildFile; fileRef = 5BF2CDED065E34700A4E7F6D /* UIView+FYBorder.m */; };
		5BF2C7E045FD463A39282B9C /* Assets.xcassets in Resources */ = {isa = PBXBuildFile; fileRef = 5BF2C9CF143C121F9EA7FF39 /* Assets.xcassets */; };
		5BF2C7EB6DEF14D824508136 /* FYViewController.m in Sources */ = {isa = PBXBuildFile; fileRef = 5BF2C80702E1D2A7D072168B /* FYViewController.m */; };
		5BF2C7F8C17E0B651DA1C5CD /* UIButton+FYStyle.m in Sources */ = {isa = PBXBuildFile; fileRef = 5BF2C7A17EDCE070D548B636 /* UIButton+FYStyle.m */; };
		5BF2C8028221FC40D24EB7AB /* FYAppUtil.m in Sources */ = {isa = PBXBuildFile; fileRef = 5BF2C6383B8A0CACA9763BEA /* FYAppUtil.m */; };
		5BF2C80EB33297CB7B8BC3EA /* UIWindow+FY.m in Sources */ = {isa = PBXBuildFile; fileRef = 5BF2C8726BEC562547D9C085 /* UIWindow+FY.m */; };
		5BF2C8B4679364BEE41ED02D /* NSFileManager+Addition.m in Sources */ = {isa = PBXBuildFile; fileRef = 5BF2CB04FC765FBDD7655226 /* NSFileManager+Addition.m */; };
		5BF2C97E4D26AB4CE38CFFCF /* Info.plist in Resources */ = {isa = PBXBuildFile; fileRef = 5BF2C1195974024DD2DF96F4 /* Info.plist */; };
		5BF2C9B8BAE9B67E3BA5C6BD /* NSTimer+Block.m in Sources */ = {isa = PBXBuildFile; fileRef = 5BF2C48AE7CC76F234D3C3F7 /* NSTimer+Block.m */; };
		5BF2C9D574AD8D7C1C06CB4B /* FYHelperDemoUITests.m in Sources */ = {isa = PBXBuildFile; fileRef = 5BF2CB38E46F1D6954358FAA /* FYHelperDemoUITests.m */; };
		5BF2C9E3CCEEFCD4511E4F0C /* FYDeviceUtil.m in Sources */ = {isa = PBXBuildFile; fileRef = 5BF2CA908454A9ED7C6E0068 /* FYDeviceUtil.m */; };
		5BF2C9F2E56304BD737F4324 /* UITextField+LimitLength.m in Sources */ = {isa = PBXBuildFile; fileRef = 5BF2CDAE6612BD038BFDE92B /* UITextField+LimitLength.m */; };
		5BF2CA677D0A280929F519C9 /* UINavigationItem+Addition.m in Sources */ = {isa = PBXBuildFile; fileRef = 5BF2C43A626CAD9AA885CA86 /* UINavigationItem+Addition.m */; };
		5BF2CA85D8A63B38FF0919DB /* LaunchScreen.storyboard in Resources */ = {isa = PBXBuildFile; fileRef = 5BF2CD6CA70F08C7308E1797 /* LaunchScreen.storyboard */; };
		5BF2CAD4FEAF2422791E51EC /* NSArray+FY.m in Sources */ = {isa = PBXBuildFile; fileRef = 5BF2C5309F1C73997E6F9819 /* NSArray+FY.m */; };
		5BF2CAE037214C57B43F4865 /* UIImage+FYCorner.m in Sources */ = {isa = PBXBuildFile; fileRef = 5BF2C56E45E47BB461408136 /* UIImage+FYCorner.m */; };
		5BF2CB3D32ADAE198EC8A255 /* NSDictionary+FY.m in Sources */ = {isa = PBXBuildFile; fileRef = 5BF2C070C94E5B97ED4807B9 /* NSDictionary+FY.m */; };
		5BF2CB90F54651EE13C9AF3D /* UIImage+FYSave.m in Sources */ = {isa = PBXBuildFile; fileRef = 5BF2C3CBFE2CC956F4C321F6 /* UIImage+FYSave.m */; };
		5BF2CBA37E12EB6D4CC94E04 /* AVAsset+FYVideoOrientation.m in Sources */ = {isa = PBXBuildFile; fileRef = 5BF2CA8EB434656D89245C5F /* AVAsset+FYVideoOrientation.m */; };
		5BF2CC210FA6A313A1D356F2 /* UIAlertController+FYSupportedInterfaceOrientations.m in Sources */ = {isa = PBXBuildFile; fileRef = 5BF2CACBD74F4F539061780D /* UIAlertController+FYSupportedInterfaceOrientations.m */; };
		5BF2CC3DBAF91E454BF0548B /* FYFileUtil.m in Sources */ = {isa = PBXBuildFile; fileRef = 5BF2C3CD95AD72EE88B2EEB8 /* FYFileUtil.m */; };
		5BF2CD1DEC17CA90AFA20856 /* NSData+FY.m in Sources */ = {isa = PBXBuildFile; fileRef = 5BF2C31C362D2E6C8B68B0DC /* NSData+FY.m */; };
		5BF2CD4EA04CF1FA930F3430 /* FYPaddingTextField.m in Sources */ = {isa = PBXBuildFile; fileRef = 5BF2C3A8A81AEFF098E1B2AE /* FYPaddingTextField.m */; };
		5BF2CD70AA1AF9113CD0861E /* UIView+FYBlockGesture.m in Sources */ = {isa = PBXBuildFile; fileRef = 5BF2C15C33825BAE68D22F17 /* UIView+FYBlockGesture.m */; };
		5BF2CDD2036706E7C0281398 /* UILabel+FYStyle.m in Sources */ = {isa = PBXBuildFile; fileRef = 5BF2C0B274056076D19F4B96 /* UILabel+FYStyle.m */; };
		5BF2CE0D07EB1B822FE2560A /* Info.plist in Resources */ = {isa = PBXBuildFile; fileRef = 5BF2C1CE47FF10D224ECD854 /* Info.plist */; };
		5BF2CE4BDBB7CAF438AAA453 /* FYLocationUtil.m in Sources */ = {isa = PBXBuildFile; fileRef = 5BF2C73001F1EAFDA6961203 /* FYLocationUtil.m */; };
		5BF2CE594CD8903527B48986 /* UIColor+FY.m in Sources */ = {isa = PBXBuildFile; fileRef = 5BF2C101080A849F118625D5 /* UIColor+FY.m */; };
		5BF2CEDE8ED0096CF5DB1848 /* NSString+FY.m in Sources */ = {isa = PBXBuildFile; fileRef = 5BF2CEC5358C0842F29BDB2D /* NSString+FY.m */; };
		5BF2CEE8FE2C1C4042C9A2CE /* UIView+Animation.m in Sources */ = {isa = PBXBuildFile; fileRef = 5BF2C7E2325FD0836060FCA2 /* UIView+Animation.m */; };
		5BF2CF0454E9AD1537A32FBF /* SecondViewController.m in Sources */ = {isa = PBXBuildFile; fileRef = 5BF2CE5DBF92F584E1B09B80 /* SecondViewController.m */; };
		5BF2CF16146097DD5C6DDE6A /* NSObject+FY.m in Sources */ = {isa = PBXBuildFile; fileRef = 5BF2C31EFAEBE7824B3647C8 /* NSObject+FY.m */; };
		5BF2CF278A93F2D790CF2622 /* Main.storyboard in Resources */ = {isa = PBXBuildFile; fileRef = 5BF2C35CB9A553A71003D292 /* Main.storyboard */; };
		5BF2CF880730139B9966D6A6 /* main.m in Sources */ = {isa = PBXBuildFile; fileRef = 5BF2CEBBC095A5846C2DEDB2 /* main.m */; };
		5BF2CF883DD25D0F11BCDA6E /* UIView+Addition.m in Sources */ = {isa = PBXBuildFile; fileRef = 5BF2C0B7A229CB9E621DB2F7 /* UIView+Addition.m */; };
		5BF2CF88DC0F8EAE2A04D3B0 /* FYMacroDefinition.m in Sources */ = {isa = PBXBuildFile; fileRef = 5BF2CC1F1F9950EC971D3ACD /* FYMacroDefinition.m */; };
		5BF2CFA269D02045B80DD966 /* UIView+highlightOnTouch.m in Sources */ = {isa = PBXBuildFile; fileRef = 5BF2C80A524E7AE19D0614B4 /* UIView+highlightOnTouch.m */; };
		5BF2CFF9FF01C20336CFC657 /* NSData+FYCache.m in Sources */ = {isa = PBXBuildFile; fileRef = 5BF2CE6685986C2844340398 /* NSData+FYCache.m */; };
/* End PBXBuildFile section */

/* Begin PBXContainerItemProxy section */
		5BF2C0D2979EE8F495B6E68E /* PBXContainerItemProxy */ = {
			isa = PBXContainerItemProxy;
			containerPortal = 5BF2CE1CA4BE3B0911BCD855 /* Project object */;
			proxyType = 1;
			remoteGlobalIDString = 5BF2CB735FD44119C296A880;
			remoteInfo = FYHelperDemo;
		};
		5BF2CE20659B1FE135916C88 /* PBXContainerItemProxy */ = {
			isa = PBXContainerItemProxy;
			containerPortal = 5BF2CE1CA4BE3B0911BCD855 /* Project object */;
			proxyType = 1;
			remoteGlobalIDString = 5BF2CB735FD44119C296A880;
			remoteInfo = FYHelperDemo;
		};
/* End PBXContainerItemProxy section */

/* Begin PBXFileReference section */
		5BF2C000074D91AC3AD93F4A /* UIButton+FYCountDown.h */ = {isa = PBXFileReference; fileEncoding = 4; lastKnownFileType = sourcecode.c.h; path = "UIButton+FYCountDown.h"; sourceTree = "<group>"; };
		5BF2C0159E772B36CB1E37E1 /* UITextField+LimitLength.h */ = {isa = PBXFileReference; fileEncoding = 4; lastKnownFileType = sourcecode.c.h; path = "UITextField+LimitLength.h"; sourceTree = "<group>"; };
		5BF2C02B4ABA8B829F955CAD /* UINavigationController+FY.h */ = {isa = PBXFileReference; fileEncoding = 4; lastKnownFileType = sourcecode.c.h; path = "UINavigationController+FY.h"; sourceTree = "<group>"; };
		5BF2C037F21C5736BCF4E5A4 /* NSObject+FY.h */ = {isa = PBXFileReference; fileEncoding = 4; lastKnownFileType = sourcecode.c.h; path = "NSObject+FY.h"; sourceTree = "<group>"; };
		5BF2C070C94E5B97ED4807B9 /* NSDictionary+FY.m */ = {isa = PBXFileReference; fileEncoding = 4; lastKnownFileType = sourcecode.c.objc; path = "NSDictionary+FY.m"; sourceTree = "<group>"; };
		5BF2C07383B6E727B958B9C0 /* FYAppUtil.h */ = {isa = PBXFileReference; fileEncoding = 4; lastKnownFileType = sourcecode.c.h; path = FYAppUtil.h; sourceTree = "<group>"; };
		5BF2C09D45E05A6766A1F400 /* FYErrorUtil.m */ = {isa = PBXFileReference; fileEncoding = 4; lastKnownFileType = sourcecode.c.objc; path = FYErrorUtil.m; sourceTree = "<group>"; };
		5BF2C0B274056076D19F4B96 /* UILabel+FYStyle.m */ = {isa = PBXFileReference; fileEncoding = 4; lastKnownFileType = sourcecode.c.objc; path = "UILabel+FYStyle.m"; sourceTree = "<group>"; };
		5BF2C0B7A229CB9E621DB2F7 /* UIView+Addition.m */ = {isa = PBXFileReference; fileEncoding = 4; lastKnownFileType = sourcecode.c.objc; path = "UIView+Addition.m"; sourceTree = "<group>"; };
		5BF2C0F58969647A9FA0A9E4 /* FYBorderButton.h */ = {isa = PBXFileReference; fileEncoding = 4; lastKnownFileType = sourcecode.c.h; path = FYBorderButton.h; sourceTree = "<group>"; };
		5BF2C0FAD9DBC4849C8B6003 /* UIScreen+FYFrame.h */ = {isa = PBXFileReference; fileEncoding = 4; lastKnownFileType = sourcecode.c.h; path = "UIScreen+FYFrame.h"; sourceTree = "<group>"; };
		5BF2C0FE3EF54F37A3C7BF29 /* NSArray+FY.h */ = {isa = PBXFileReference; fileEncoding = 4; lastKnownFileType = sourcecode.c.h; path = "NSArray+FY.h"; sourceTree = "<group>"; };
		5BF2C101080A849F118625D5 /* UIColor+FY.m */ = {isa = PBXFileReference; fileEncoding = 4; lastKnownFileType = sourcecode.c.objc; path = "UIColor+FY.m"; sourceTree = "<group>"; };
		5BF2C1195974024DD2DF96F4 /* Info.plist */ = {isa = PBXFileReference; lastKnownFileType = text.plist.info; path = Info.plist; sourceTree = "<group>"; };
		5BF2C1295FB37CAA28322233 /* UIViewController+FYBackButtonTouched.m */ = {isa = PBXFileReference; fileEncoding = 4; lastKnownFileType = sourcecode.c.objc; path = "UIViewController+FYBackButtonTouched.m"; sourceTree = "<group>"; };
		5BF2C14764F223D8294C01DF /* DDLog+FYSetup.h */ = {isa = PBXFileReference; fileEncoding = 4; lastKnownFileType = sourcecode.c.h; path = "DDLog+FYSetup.h"; sourceTree = "<group>"; };
		5BF2C14D333B020DA49B2F9D /* UIImage+Addition.h */ = {isa = PBXFileReference; fileEncoding = 4; lastKnownFileType = sourcecode.c.h; path = "UIImage+Addition.h"; sourceTree = "<group>"; };
		5BF2C15C33825BAE68D22F17 /* UIView+FYBlockGesture.m */ = {isa = PBXFileReference; fileEncoding = 4; lastKnownFileType = sourcecode.c.objc; path = "UIView+FYBlockGesture.m"; sourceTree = "<group>"; };
		5BF2C199D5AB515E66FA18FC /* makefile */ = {isa = PBXFileReference; fileEncoding = 4; lastKnownFileType = sourcecode.make; path = makefile; sourceTree = "<group>"; };
		5BF2C1C269D34C19BEFF9528 /* NSString+FY.h */ = {isa = PBXFileReference; fileEncoding = 4; lastKnownFileType = sourcecode.c.h; path = "NSString+FY.h"; sourceTree = "<group>"; };
		5BF2C1CE47FF10D224ECD854 /* Info.plist */ = {isa = PBXFileReference; lastKnownFileType = text.plist.info; path = Info.plist; sourceTree = "<group>"; };
		5BF2C1F6E39CF7C45C7943AF /* UIImage+Addition.m */ = {isa = PBXFileReference; fileEncoding = 4; lastKnownFileType = sourcecode.c.objc; path = "UIImage+Addition.m"; sourceTree = "<group>"; };
		5BF2C218A54D1BA8D788977F /* UILabel+FYStyle.h */ = {isa = PBXFileReference; fileEncoding = 4; lastKnownFileType = sourcecode.c.h; path = "UILabel+FYStyle.h"; sourceTree = "<group>"; };
		5BF2C21FE655DD5E7A5C3FC3 /* FYErrorUtil.h */ = {isa = PBXFileReference; fileEncoding = 4; lastKnownFileType = sourcecode.c.h; path = FYErrorUtil.h; sourceTree = "<group>"; };
		5BF2C290B6DFA2230BD044AB /* AppDelegate.m */ = {isa = PBXFileReference; lastKnownFileType = sourcecode.c.objc; path = AppDelegate.m; sourceTree = "<group>"; };
		5BF2C2C247F2296665D3D1FF /* UIView+FYBorder.h */ = {isa = PBXFileReference; fileEncoding = 4; lastKnownFileType = sourcecode.c.h; path = "UIView+FYBorder.h"; sourceTree = "<group>"; };
		5BF2C2D3F098D5E97DDECD7D /* NSDate+FYFormat.m */ = {isa = PBXFileReference; fileEncoding = 4; lastKnownFileType = sourcecode.c.objc; path = "NSDate+FYFormat.m"; sourceTree = "<group>"; };
		5BF2C31C362D2E6C8B68B0DC /* NSData+FY.m */ = {isa = PBXFileReference; fileEncoding = 4; lastKnownFileType = sourcecode.c.objc; path = "NSData+FY.m"; sourceTree = "<group>"; };
		5BF2C31D58C3EDC40D92B33E /* NSDictionary+FY.h */ = {isa = PBXFileReference; fileEncoding = 4; lastKnownFileType = sourcecode.c.h; path = "NSDictionary+FY.h"; sourceTree = "<group>"; };
		5BF2C31EFAEBE7824B3647C8 /* NSObject+FY.m */ = {isa = PBXFileReference; fileEncoding = 4; lastKnownFileType = sourcecode.c.objc; path = "NSObject+FY.m"; sourceTree = "<group>"; };
		5BF2C34114D0F35DFDA6823E /* FYBorderButton.m */ = {isa = PBXFileReference; fileEncoding = 4; lastKnownFileType = sourcecode.c.objc; path = FYBorderButton.m; sourceTree = "<group>"; };
		5BF2C3A8A81AEFF098E1B2AE /* FYPaddingTextField.m */ = {isa = PBXFileReference; fileEncoding = 4; lastKnownFileType = sourcecode.c.objc; path = FYPaddingTextField.m; sourceTree = "<group>"; };
		5BF2C3B30DC48306846736D0 /* NSTimer+Block.h */ = {isa = PBXFileReference; fileEncoding = 4; lastKnownFileType = sourcecode.c.h; path = "NSTimer+Block.h"; sourceTree = "<group>"; };
		5BF2C3CBFE2CC956F4C321F6 /* UIImage+FYSave.m */ = {isa = PBXFileReference; fileEncoding = 4; lastKnownFileType = sourcecode.c.objc; path = "UIImage+FYSave.m"; sourceTree = "<group>"; };
		5BF2C3CD95AD72EE88B2EEB8 /* FYFileUtil.m */ = {isa = PBXFileReference; fileEncoding = 4; lastKnownFileType = sourcecode.c.objc; path = FYFileUtil.m; sourceTree = "<group>"; };
		5BF2C419C9871900AC29EA08 /* FYHelperDemoUITests.xctest */ = {isa = PBXFileReference; explicitFileType = wrapper.cfbundle; includeInIndex = 0; path = FYHelperDemoUITests.xctest; sourceTree = BUILT_PRODUCTS_DIR; };
		5BF2C43A626CAD9AA885CA86 /* UINavigationItem+Addition.m */ = {isa = PBXFileReference; fileEncoding = 4; lastKnownFileType = sourcecode.c.objc; path = "UINavigationItem+Addition.m"; sourceTree = "<group>"; };
		5BF2C48AE7CC76F234D3C3F7 /* NSTimer+Block.m */ = {isa = PBXFileReference; fileEncoding = 4; lastKnownFileType = sourcecode.c.objc; path = "NSTimer+Block.m"; sourceTree = "<group>"; };
		5BF2C4DE8F3D7C448E0BE29B /* FirstViewController.m */ = {isa = PBXFileReference; lastKnownFileType = sourcecode.c.objc; path = FirstViewController.m; sourceTree = "<group>"; };
		5BF2C52D09B13E460623BCDE /* Base */ = {isa = PBXFileReference; lastKnownFileType = file.storyboard; name = Base; path = Base.lproj/Main.storyboard; sourceTree = "<group>"; };
		5BF2C5309F1C73997E6F9819 /* NSArray+FY.m */ = {isa = PBXFileReference; fileEncoding = 4; lastKnownFileType = sourcecode.c.objc; path = "NSArray+FY.m"; sourceTree = "<group>"; };
		5BF2C54FB4BFA632240316B1 /* UIAlertView+Addition.m */ = {isa = PBXFileReference; fileEncoding = 4; lastKnownFileType = sourcecode.c.objc; path = "UIAlertView+Addition.m"; sourceTree = "<group>"; };
		5BF2C56E45E47BB461408136 /* UIImage+FYCorner.m */ = {isa = PBXFileReference; fileEncoding = 4; lastKnownFileType = sourcecode.c.objc; path = "UIImage+FYCorner.m"; sourceTree = "<group>"; };
		5BF2C58C3FDF48256CBFEB12 /* FYOtherUtil.m */ = {isa = PBXFileReference; fileEncoding = 4; lastKnownFileType = sourcecode.c.objc; path = FYOtherUtil.m; sourceTree = "<group>"; };
		5BF2C5E9D5C90AA5A3EE4861 /* UIView+highlightOnTouch.h */ = {isa = PBXFileReference; fileEncoding = 4; lastKnownFileType = sourcecode.c.h; path = "UIView+highlightOnTouch.h"; sourceTree = "<group>"; };
		5BF2C622C37CD5D49E13C177 /* FYPaddingTextField.h */ = {isa = PBXFileReference; fileEncoding = 4; lastKnownFileType = sourcecode.c.h; path = FYPaddingTextField.h; sourceTree = "<group>"; };
		5BF2C6383B8A0CACA9763BEA /* FYAppUtil.m */ = {isa = PBXFileReference; fileEncoding = 4; lastKnownFileType = sourcecode.c.objc; path = FYAppUtil.m; sourceTree = "<group>"; };
		5BF2C649D4EB0C64252464E1 /* UIAlertView+Addition.h */ = {isa = PBXFileReference; fileEncoding = 4; lastKnownFileType = sourcecode.c.h; path = "UIAlertView+Addition.h"; sourceTree = "<group>"; };
		5BF2C6829C195223512CBF48 /* UIImage+FYCorner.h */ = {isa = PBXFileReference; fileEncoding = 4; lastKnownFileType = sourcecode.c.h; path = "UIImage+FYCorner.h"; sourceTree = "<group>"; };
		5BF2C73001F1EAFDA6961203 /* FYLocationUtil.m */ = {isa = PBXFileReference; fileEncoding = 4; lastKnownFileType = sourcecode.c.objc; path = FYLocationUtil.m; sourceTree = "<group>"; };
		5BF2C76F532A167316E82967 /* Base */ = {isa = PBXFileReference; lastKnownFileType = file.storyboard; name = Base; path = Base.lproj/LaunchScreen.storyboard; sourceTree = "<group>"; };
		5BF2C777BF23668F3787FD62 /* FYMacroDefinition.h */ = {isa = PBXFileReference; fileEncoding = 4; lastKnownFileType = sourcecode.c.h; path = FYMacroDefinition.h; sourceTree = "<group>"; };
		5BF2C7A17EDCE070D548B636 /* UIButton+FYStyle.m */ = {isa = PBXFileReference; fileEncoding = 4; lastKnownFileType = sourcecode.c.objc; path = "UIButton+FYStyle.m"; sourceTree = "<group>"; };
		5BF2C7AD8256679F526B45E7 /* NSDate+FYCompare.h */ = {isa = PBXFileReference; fileEncoding = 4; lastKnownFileType = sourcecode.c.h; path = "NSDate+FYCompare.h"; sourceTree = "<group>"; };
		5BF2C7B1CE207EA8DFC3CCFF /* SecondViewController.h */ = {isa = PBXFileReference; lastKnownFileType = sourcecode.c.h; path = SecondViewController.h; sourceTree = "<group>"; };
		5BF2C7E2325FD0836060FCA2 /* UIView+Animation.m */ = {isa = PBXFileReference; fileEncoding = 4; lastKnownFileType = sourcecode.c.objc; path = "UIView+Animation.m"; sourceTree = "<group>"; };
		5BF2C80702E1D2A7D072168B /* FYViewController.m */ = {isa = PBXFileReference; fileEncoding = 4; lastKnownFileType = sourcecode.c.objc; path = FYViewController.m; sourceTree = "<group>"; };
		5BF2C80A524E7AE19D0614B4 /* UIView+highlightOnTouch.m */ = {isa = PBXFileReference; fileEncoding = 4; lastKnownFileType = sourcecode.c.objc; path = "UIView+highlightOnTouch.m"; sourceTree = "<group>"; };
		5BF2C813B5BB8C56AB5F14D1 /* NSDate+FYCompare.m */ = {isa = PBXFileReference; fileEncoding = 4; lastKnownFileType = sourcecode.c.objc; path = "NSDate+FYCompare.m"; sourceTree = "<group>"; };
		5BF2C82F11D8FCBAE3FB1989 /* Info.plist */ = {isa = PBXFileReference; lastKnownFileType = text.plist.info; path = Info.plist; sourceTree = "<group>"; };
		5BF2C84359E9A490D35CEEF3 /* NSTimer+FYBlocks.h */ = {isa = PBXFileReference; fileEncoding = 4; lastKnownFileType = sourcecode.c.h; path = "NSTimer+FYBlocks.h"; sourceTree = "<group>"; };
		5BF2C870A9C43949FD57044B /* UIView+FYFrame.m */ = {isa = PBXFileReference; fileEncoding = 4; lastKnownFileType = sourcecode.c.objc; path = "UIView+FYFrame.m"; sourceTree = "<group>"; };
		5BF2C8726BEC562547D9C085 /* UIWindow+FY.m */ = {isa = PBXFileReference; fileEncoding = 4; lastKnownFileType = sourcecode.c.objc; path = "UIWindow+FY.m"; sourceTree = "<group>"; };
		5BF2C874D54CFF64FA513D98 /* FYHelperDemoTests.m */ = {isa = PBXFileReference; lastKnownFileType = sourcecode.c.objc; path = FYHelperDemoTests.m; sourceTree = "<group>"; };
		5BF2C8B0D3A6BE011A94DBB1 /* NSFileManager+Addition.h */ = {isa = PBXFileReference; fileEncoding = 4; lastKnownFileType = sourcecode.c.h; path = "NSFileManager+Addition.h"; sourceTree = "<group>"; };
		5BF2C8CC2B29E65D9E956A98 /* UIView+Addition.h */ = {isa = PBXFileReference; fileEncoding = 4; lastKnownFileType = sourcecode.c.h; path = "UIView+Addition.h"; sourceTree = "<group>"; };
		5BF2C8CDCED962278D69D15C /* FYHelper.h */ = {isa = PBXFileReference; fileEncoding = 4; lastKnownFileType = sourcecode.c.h; path = FYHelper.h; sourceTree = "<group>"; };
		5BF2C8D541413D7BD6671552 /* NSData+FY.h */ = {isa = PBXFileReference; fileEncoding = 4; lastKnownFileType = sourcecode.c.h; path = "NSData+FY.h"; sourceTree = "<group>"; };
		5BF2C915E1D3178AD548DDF8 /* UILabel+Addition.h */ = {isa = PBXFileReference; fileEncoding = 4; lastKnownFileType = sourcecode.c.h; path = "UILabel+Addition.h"; sourceTree = "<group>"; };
		5BF2C933B433AE5FD8DBC785 /* FYFileUtil.h */ = {isa = PBXFileReference; fileEncoding = 4; lastKnownFileType = sourcecode.c.h; path = FYFileUtil.h; sourceTree = "<group>"; };
		5BF2C9CC52BAFA72BE019829 /* FYDeviceUtil.h */ = {isa = PBXFileReference; fileEncoding = 4; lastKnownFileType = sourcecode.c.h; path = FYDeviceUtil.h; sourceTree = "<group>"; };
		5BF2C9CF143C121F9EA7FF39 /* Assets.xcassets */ = {isa = PBXFileReference; lastKnownFileType = folder.assetcatalog; path = Assets.xcassets; sourceTree = "<group>"; };
		5BF2C9D51F206699DA8D1A09 /* FYHelperDemo.app */ = {isa = PBXFileReference; explicitFileType = wrapper.application; includeInIndex = 0; path = FYHelperDemo.app; sourceTree = BUILT_PRODUCTS_DIR; };
		5BF2C9D8EBFB913397640CD3 /* NSTimer+FYBlocks.m */ = {isa = PBXFileReference; fileEncoding = 4; lastKnownFileType = sourcecode.c.objc; path = "NSTimer+FYBlocks.m"; sourceTree = "<group>"; };
		5BF2CA07E69F127AA33C4A6C /* update_pod.sh */ = {isa = PBXFileReference; fileEncoding = 4; lastKnownFileType = text.script.sh; path = update_pod.sh; sourceTree = "<group>"; };
		5BF2CA2E6D3EFF165D00D085 /* FYOtherUtil.h */ = {isa = PBXFileReference; fileEncoding = 4; lastKnownFileType = sourcecode.c.h; path = FYOtherUtil.h; sourceTree = "<group>"; };
		5BF2CA6B7667B404B8FFCF44 /* UIView+Layer.h */ = {isa = PBXFileReference; fileEncoding = 4; lastKnownFileType = sourcecode.c.h; path = "UIView+Layer.h"; sourceTree = "<group>"; };
		5BF2CA806646AB2CFF7488AE /* UIWindow+FY.h */ = {isa = PBXFileReference; fileEncoding = 4; lastKnownFileType = sourcecode.c.h; path = "UIWindow+FY.h"; sourceTree = "<group>"; };
		5BF2CA8EB434656D89245C5F /* AVAsset+FYVideoOrientation.m */ = {isa = PBXFileReference; fileEncoding = 4; lastKnownFileType = sourcecode.c.objc; path = "AVAsset+FYVideoOrientation.m"; sourceTree = "<group>"; };
		5BF2CA908454A9ED7C6E0068 /* FYDeviceUtil.m */ = {isa = PBXFileReference; fileEncoding = 4; lastKnownFileType = sourcecode.c.objc; path = FYDeviceUtil.m; sourceTree = "<group>"; };
		5BF2CAB928C544B5E9C47B04 /* FYNavigationController.h */ = {isa = PBXFileReference; fileEncoding = 4; lastKnownFileType = sourcecode.c.h; path = FYNavigationController.h; sourceTree = "<group>"; };
		5BF2CACBD74F4F539061780D /* UIAlertController+FYSupportedInterfaceOrientations.m */ = {isa = PBXFileReference; fileEncoding = 4; lastKnownFileType = sourcecode.c.objc; path = "UIAlertController+FYSupportedInterfaceOrientations.m"; sourceTree = "<group>"; };
		5BF2CAD842628F9652832F65 /* FYCategory.h */ = {isa = PBXFileReference; fileEncoding = 4; lastKnownFileType = sourcecode.c.h; path = FYCategory.h; sourceTree = "<group>"; };
		5BF2CAE07C05DE8F52281A04 /* UIView+Layer.m */ = {isa = PBXFileReference; fileEncoding = 4; lastKnownFileType = sourcecode.c.objc; path = "UIView+Layer.m"; sourceTree = "<group>"; };
		5BF2CAE8FC56AA40D7339BA6 /* FYViewController.h */ = {isa = PBXFileReference; fileEncoding = 4; lastKnownFileType = sourcecode.c.h; path = FYViewController.h; sourceTree = "<group>"; };
		5BF2CAF09F796BC7FB261E49 /* UIAlertController+FYSupportedInterfaceOrientations.h */ = {isa = PBXFileReference; fileEncoding = 4; lastKnownFileType = sourcecode.c.h; path = "UIAlertController+FYSupportedInterfaceOrientations.h"; sourceTree = "<group>"; };
		5BF2CB02925ED42E535ECC40 /* UIScrollView+FYTouch.h */ = {isa = PBXFileReference; fileEncoding = 4; lastKnownFileType = sourcecode.c.h; path = "UIScrollView+FYTouch.h"; sourceTree = "<group>"; };
		5BF2CB02B87A40861061BE6A /* AppDelegate.h */ = {isa = PBXFileReference; lastKnownFileType = sourcecode.c.h; path = AppDelegate.h; sourceTree = "<group>"; };
		5BF2CB04FC765FBDD7655226 /* NSFileManager+Addition.m */ = {isa = PBXFileReference; fileEncoding = 4; lastKnownFileType = sourcecode.c.objc; path = "NSFileManager+Addition.m"; sourceTree = "<group>"; };
		5BF2CB38E46F1D6954358FAA /* FYHelperDemoUITests.m */ = {isa = PBXFileReference; lastKnownFileType = sourcecode.c.objc; path = FYHelperDemoUITests.m; sourceTree = "<group>"; };
		5BF2CB44EAE6EDCB597CD7E6 /* UIView+FYFrame.h */ = {isa = PBXFileReference; fileEncoding = 4; lastKnownFileType = sourcecode.c.h; path = "UIView+FYFrame.h"; sourceTree = "<group>"; };
		5BF2CBB5ED78B8F5A093CEBD /* UIView+FYBlockGesture.h */ = {isa = PBXFileReference; fileEncoding = 4; lastKnownFileType = sourcecode.c.h; path = "UIView+FYBlockGesture.h"; sourceTree = "<group>"; };
		5BF2CBBD9AEB43A4C40187FA /* FirstViewController.h */ = {isa = PBXFileReference; lastKnownFileType = sourcecode.c.h; path = FirstViewController.h; sourceTree = "<group>"; };
		5BF2CBFB28BD2F7396E4F5BB /* FYLocationUtil.h */ = {isa = PBXFileReference; fileEncoding = 4; lastKnownFileType = sourcecode.c.h; path = FYLocationUtil.h; sourceTree = "<group>"; };
		5BF2CC1F1F9950EC971D3ACD /* FYMacroDefinition.m */ = {isa = PBXFileReference; fileEncoding = 4; lastKnownFileType = sourcecode.c.objc; path = FYMacroDefinition.m; sourceTree = "<group>"; };
		5BF2CC6368D3BEAFE2858E24 /* UIImage+FYSave.h */ = {isa = PBXFileReference; fileEncoding = 4; lastKnownFileType = sourcecode.c.h; path = "UIImage+FYSave.h"; sourceTree = "<group>"; };
		5BF2CCA96707B9F1042C566E /* UILabel+Addition.m */ = {isa = PBXFileReference; fileEncoding = 4; lastKnownFileType = sourcecode.c.objc; path = "UILabel+Addition.m"; sourceTree = "<group>"; };
		5BF2CCFE4E42ED0BE88316F4 /* UIViewController+FYBackButtonTouched.h */ = {isa = PBXFileReference; fileEncoding = 4; lastKnownFileType = sourcecode.c.h; path = "UIViewController+FYBackButtonTouched.h"; sourceTree = "<group>"; };
		5BF2CD5D4D66C97F26360C2E /* UIButton+FYCountDown.m */ = {isa = PBXFileReference; fileEncoding = 4; lastKnownFileType = sourcecode.c.objc; path = "UIButton+FYCountDown.m"; sourceTree = "<group>"; };
		5BF2CD9D207566D0AD760A19 /* AVAsset+FYVideoOrientation.h */ = {isa = PBXFileReference; fileEncoding = 4; lastKnownFileType = sourcecode.c.h; path = "AVAsset+FYVideoOrientation.h"; sourceTree = "<group>"; };
		5BF2CDAE6612BD038BFDE92B /* UITextField+LimitLength.m */ = {isa = PBXFileReference; fileEncoding = 4; lastKnownFileType = sourcecode.c.objc; path = "UITextField+LimitLength.m"; sourceTree = "<group>"; };
		5BF2CDD845304FD7EC5D65FD /* UIScreen+FYFrame.m */ = {isa = PBXFileReference; fileEncoding = 4; lastKnownFileType = sourcecode.c.objc; path = "UIScreen+FYFrame.m"; sourceTree = "<group>"; };
		5BF2CDDF7D8A3E6A2FE5BF8A /* UIScrollView+FYTouch.m */ = {isa = PBXFileReference; fileEncoding = 4; lastKnownFileType = sourcecode.c.objc; path = "UIScrollView+FYTouch.m"; sourceTree = "<group>"; };
		5BF2CDED065E34700A4E7F6D /* UIView+FYBorder.m */ = {isa = PBXFileReference; fileEncoding = 4; lastKnownFileType = sourcecode.c.objc; path = "UIView+FYBorder.m"; sourceTree = "<group>"; };
		5BF2CE344B4C84BDE339FEDF /* UIButton+FYBlock.m */ = {isa = PBXFileReference; fileEncoding = 4; lastKnownFileType = sourcecode.c.objc; path = "UIButton+FYBlock.m"; sourceTree = "<group>"; };
		5BF2CE4984140B231BAE3CAC /* FYNavigationController.m */ = {isa = PBXFileReference; fileEncoding = 4; lastKnownFileType = sourcecode.c.objc; path = FYNavigationController.m; sourceTree = "<group>"; };
		5BF2CE5DBF92F584E1B09B80 /* SecondViewController.m */ = {isa = PBXFileReference; lastKnownFileType = sourcecode.c.objc; path = SecondViewController.m; sourceTree = "<group>"; };
		5BF2CE6685986C2844340398 /* NSData+FYCache.m */ = {isa = PBXFileReference; fileEncoding = 4; lastKnownFileType = sourcecode.c.objc; path = "NSData+FYCache.m"; sourceTree = "<group>"; };
		5BF2CEBBC095A5846C2DEDB2 /* main.m */ = {isa = PBXFileReference; lastKnownFileType = sourcecode.c.objc; path = main.m; sourceTree = "<group>"; };
		5BF2CEC5358C0842F29BDB2D /* NSString+FY.m */ = {isa = PBXFileReference; fileEncoding = 4; lastKnownFileType = sourcecode.c.objc; path = "NSString+FY.m"; sourceTree = "<group>"; };
		5BF2CED69BA6A143E669BC0F /* UIButton+FYBlock.h */ = {isa = PBXFileReference; fileEncoding = 4; lastKnownFileType = sourcecode.c.h; path = "UIButton+FYBlock.h"; sourceTree = "<group>"; };
		5BF2CEEE5EB2B6F791707FA9 /* UINavigationItem+Addition.h */ = {isa = PBXFileReference; fileEncoding = 4; lastKnownFileType = sourcecode.c.h; path = "UINavigationItem+Addition.h"; sourceTree = "<group>"; };
		5BF2CEF8FCF3C2F7162736E4 /* DDLog+FYSetup.m */ = {isa = PBXFileReference; fileEncoding = 4; lastKnownFileType = sourcecode.c.objc; path = "DDLog+FYSetup.m"; sourceTree = "<group>"; };
		5BF2CEFFEACEE7F5697BF53B /* UIButton+FYStyle.h */ = {isa = PBXFileReference; fileEncoding = 4; lastKnownFileType = sourcecode.c.h; path = "UIButton+FYStyle.h"; sourceTree = "<group>"; };
		5BF2CF106609CE8C611C47EF /* UIView+Animation.h */ = {isa = PBXFileReference; fileEncoding = 4; lastKnownFileType = sourcecode.c.h; path = "UIView+Animation.h"; sourceTree = "<group>"; };
		5BF2CF4D2106DCC8FC3F527E /* FYHelperDemoTests.xctest */ = {isa = PBXFileReference; explicitFileType = wrapper.cfbundle; includeInIndex = 0; path = FYHelperDemoTests.xctest; sourceTree = BUILT_PRODUCTS_DIR; };
		5BF2CF6FEB77E05D3AD772A7 /* UIColor+FY.h */ = {isa = PBXFileReference; fileEncoding = 4; lastKnownFileType = sourcecode.c.h; path = "UIColor+FY.h"; sourceTree = "<group>"; };
		5BF2CF975239A3ABF8DA209E /* NSData+FYCache.h */ = {isa = PBXFileReference; fileEncoding = 4; lastKnownFileType = sourcecode.c.h; path = "NSData+FYCache.h"; sourceTree = "<group>"; };
		5BF2CFA517F6DEC836D57BD8 /* UINavigationController+FY.m */ = {isa = PBXFileReference; fileEncoding = 4; lastKnownFileType = sourcecode.c.objc; path = "UINavigationController+FY.m"; sourceTree = "<group>"; };
		5BF2CFE3A2DC41A3FCF260ED /* NSDate+FYFormat.h */ = {isa = PBXFileReference; fileEncoding = 4; lastKnownFileType = sourcecode.c.h; path = "NSDate+FYFormat.h"; sourceTree = "<group>"; };
		6315377586A9D2013C7E6EA0 /* Pods-FYHelperDemo.debug.xcconfig */ = {isa = PBXFileReference; includeInIndex = 1; lastKnownFileType = text.xcconfig; name = "Pods-FYHelperDemo.debug.xcconfig"; path = "Pods/Target Support Files/Pods-FYHelperDemo/Pods-FYHelperDemo.debug.xcconfig"; sourceTree = "<group>"; };
		9905FCEA298067BF5F4E050C /* Pods-FYHelperDemo.release.xcconfig */ = {isa = PBXFileReference; includeInIndex = 1; lastKnownFileType = text.xcconfig; name = "Pods-FYHelperDemo.release.xcconfig"; path = "Pods/Target Support Files/Pods-FYHelperDemo/Pods-FYHelperDemo.release.xcconfig"; sourceTree = "<group>"; };
		C4E109AF8B627A4230B088C2 /* libPods-FYHelperDemo.a */ = {isa = PBXFileReference; explicitFileType = archive.ar; includeInIndex = 0; path = "libPods-FYHelperDemo.a"; sourceTree = BUILT_PRODUCTS_DIR; };
/* End PBXFileReference section */

/* Begin PBXFrameworksBuildPhase section */
		5BF2C545D0323AEC3FD5AA35 /* Frameworks */ = {
			isa = PBXFrameworksBuildPhase;
			buildActionMask = 2147483647;
			files = (
			);
			runOnlyForDeploymentPostprocessing = 0;
		};
		5BF2C694D85162ABB8D37794 /* Frameworks */ = {
			isa = PBXFrameworksBuildPhase;
			buildActionMask = 2147483647;
			files = (
				374279750B666E34E1C65454 /* libPods-FYHelperDemo.a in Frameworks */,
			);
			runOnlyForDeploymentPostprocessing = 0;
		};
		5BF2C78E9541249130E9C3D2 /* Frameworks */ = {
			isa = PBXFrameworksBuildPhase;
			buildActionMask = 2147483647;
			files = (
			);
			runOnlyForDeploymentPostprocessing = 0;
		};
/* End PBXFrameworksBuildPhase section */

/* Begin PBXGroup section */
		5BF2C0B52DF81AB921EA528C /* FYSubclass */ = {
			isa = PBXGroup;
			children = (
				5BF2C0F58969647A9FA0A9E4 /* FYBorderButton.h */,
				5BF2C34114D0F35DFDA6823E /* FYBorderButton.m */,
				5BF2C622C37CD5D49E13C177 /* FYPaddingTextField.h */,
				5BF2C3A8A81AEFF098E1B2AE /* FYPaddingTextField.m */,
			);
			path = FYSubclass;
			sourceTree = "<group>";
		};
		5BF2C459A1668363AB865CFC /* FYHelperDemoUITests */ = {
			isa = PBXGroup;
			children = (
				5BF2C82F11D8FCBAE3FB1989 /* Info.plist */,
				5BF2CB38E46F1D6954358FAA /* FYHelperDemoUITests.m */,
			);
			path = FYHelperDemoUITests;
			sourceTree = "<group>";
		};
		5BF2C4D67B141D1009092FB7 = {
			isa = PBXGroup;
			children = (
				5BF2C93F53814F3473D2B995 /* Products */,
				5BF2CF08D2DE91F5EC15D611 /* FYHelperDemo */,
				5BF2CFEF1DE8633D96C121FD /* FYHelperDemoTests */,
				5BF2C459A1668363AB865CFC /* FYHelperDemoUITests */,
				EFE3D834F8D7F1A97BB9AD9E /* Pods */,
				9FE3872E0DAD6334776DDCEB /* Frameworks */,
				5BF2CEFAA530353D7C00A256 /* FYHelper */,
				5BF2C199D5AB515E66FA18FC /* makefile */,
				5BF2CA07E69F127AA33C4A6C /* update_pod.sh */,
			);
			sourceTree = "<group>";
		};
		5BF2C560F91B2C038D67FB64 /* Supporting Files */ = {
			isa = PBXGroup;
			children = (
				5BF2CEBBC095A5846C2DEDB2 /* main.m */,
			);
			name = "Supporting Files";
			sourceTree = "<group>";
		};
		5BF2C65433D58731C5D5AC71 /* FYCategory */ = {
			isa = PBXGroup;
			children = (
				5BF2C8D541413D7BD6671552 /* NSData+FY.h */,
				5BF2C31C362D2E6C8B68B0DC /* NSData+FY.m */,
				5BF2CAD842628F9652832F65 /* FYCategory.h */,
				5BF2C0FE3EF54F37A3C7BF29 /* NSArray+FY.h */,
				5BF2C5309F1C73997E6F9819 /* NSArray+FY.m */,
				5BF2CF6FEB77E05D3AD772A7 /* UIColor+FY.h */,
				5BF2C101080A849F118625D5 /* UIColor+FY.m */,
				5BF2C037F21C5736BCF4E5A4 /* NSObject+FY.h */,
				5BF2C31EFAEBE7824B3647C8 /* NSObject+FY.m */,
				5BF2C1C269D34C19BEFF9528 /* NSString+FY.h */,
				5BF2CEC5358C0842F29BDB2D /* NSString+FY.m */,
				5BF2CA806646AB2CFF7488AE /* UIWindow+FY.h */,
				5BF2C8726BEC562547D9C085 /* UIWindow+FY.m */,
				5BF2CA6B7667B404B8FFCF44 /* UIView+Layer.h */,
				5BF2CAE07C05DE8F52281A04 /* UIView+Layer.m */,
				5BF2C3B30DC48306846736D0 /* NSTimer+Block.h */,
				5BF2C48AE7CC76F234D3C3F7 /* NSTimer+Block.m */,
				5BF2CF975239A3ABF8DA209E /* NSData+FYCache.h */,
				5BF2CE6685986C2844340398 /* NSData+FYCache.m */,
				5BF2CC6368D3BEAFE2858E24 /* UIImage+FYSave.h */,
				5BF2C3CBFE2CC956F4C321F6 /* UIImage+FYSave.m */,
				5BF2CB44EAE6EDCB597CD7E6 /* UIView+FYFrame.h */,
				5BF2C870A9C43949FD57044B /* UIView+FYFrame.m */,
				5BF2CFE3A2DC41A3FCF260ED /* NSDate+FYFormat.h */,
				5BF2C2D3F098D5E97DDECD7D /* NSDate+FYFormat.m */,
				5BF2C31D58C3EDC40D92B33E /* NSDictionary+FY.h */,
				5BF2C070C94E5B97ED4807B9 /* NSDictionary+FY.m */,
				5BF2C218A54D1BA8D788977F /* UILabel+FYStyle.h */,
				5BF2C0B274056076D19F4B96 /* UILabel+FYStyle.m */,
				5BF2C8CC2B29E65D9E956A98 /* UIView+Addition.h */,
				5BF2C0B7A229CB9E621DB2F7 /* UIView+Addition.m */,
				5BF2C2C247F2296665D3D1FF /* UIView+FYBorder.h */,
				5BF2CDED065E34700A4E7F6D /* UIView+FYBorder.m */,
				5BF2C7AD8256679F526B45E7 /* NSDate+FYCompare.h */,
				5BF2C813B5BB8C56AB5F14D1 /* NSDate+FYCompare.m */,
				5BF2C84359E9A490D35CEEF3 /* NSTimer+FYBlocks.h */,
				5BF2C9D8EBFB913397640CD3 /* NSTimer+FYBlocks.m */,
				5BF2CED69BA6A143E669BC0F /* UIButton+FYBlock.h */,
				5BF2CE344B4C84BDE339FEDF /* UIButton+FYBlock.m */,
				5BF2CEFFEACEE7F5697BF53B /* UIButton+FYStyle.h */,
				5BF2C7A17EDCE070D548B636 /* UIButton+FYStyle.m */,
				5BF2C14D333B020DA49B2F9D /* UIImage+Addition.h */,
				5BF2C1F6E39CF7C45C7943AF /* UIImage+Addition.m */,
				5BF2C6829C195223512CBF48 /* UIImage+FYCorner.h */,
				5BF2C56E45E47BB461408136 /* UIImage+FYCorner.m */,
				5BF2C915E1D3178AD548DDF8 /* UILabel+Addition.h */,
				5BF2CCA96707B9F1042C566E /* UILabel+Addition.m */,
				5BF2C0FAD9DBC4849C8B6003 /* UIScreen+FYFrame.h */,
				5BF2CDD845304FD7EC5D65FD /* UIScreen+FYFrame.m */,
				5BF2CF106609CE8C611C47EF /* UIView+Animation.h */,
				5BF2C7E2325FD0836060FCA2 /* UIView+Animation.m */,
				5BF2C649D4EB0C64252464E1 /* UIAlertView+Addition.h */,
				5BF2C54FB4BFA632240316B1 /* UIAlertView+Addition.m */,
				5BF2C000074D91AC3AD93F4A /* UIButton+FYCountDown.h */,
				5BF2CD5D4D66C97F26360C2E /* UIButton+FYCountDown.m */,
				5BF2CB02925ED42E535ECC40 /* UIScrollView+FYTouch.h */,
				5BF2CDDF7D8A3E6A2FE5BF8A /* UIScrollView+FYTouch.m */,
				5BF2CBB5ED78B8F5A093CEBD /* UIView+FYBlockGesture.h */,
				5BF2C15C33825BAE68D22F17 /* UIView+FYBlockGesture.m */,
				5BF2C8B0D3A6BE011A94DBB1 /* NSFileManager+Addition.h */,
				5BF2CB04FC765FBDD7655226 /* NSFileManager+Addition.m */,
				5BF2C0159E772B36CB1E37E1 /* UITextField+LimitLength.h */,
				5BF2CDAE6612BD038BFDE92B /* UITextField+LimitLength.m */,
				5BF2C5E9D5C90AA5A3EE4861 /* UIView+highlightOnTouch.h */,
				5BF2C80A524E7AE19D0614B4 /* UIView+highlightOnTouch.m */,
				5BF2C02B4ABA8B829F955CAD /* UINavigationController+FY.h */,
				5BF2CFA517F6DEC836D57BD8 /* UINavigationController+FY.m */,
				5BF2CEEE5EB2B6F791707FA9 /* UINavigationItem+Addition.h */,
				5BF2C43A626CAD9AA885CA86 /* UINavigationItem+Addition.m */,
				5BF2CD9D207566D0AD760A19 /* AVAsset+FYVideoOrientation.h */,
				5BF2CA8EB434656D89245C5F /* AVAsset+FYVideoOrientation.m */,
				5BF2CCFE4E42ED0BE88316F4 /* UIViewController+FYBackButtonTouched.h */,
				5BF2C1295FB37CAA28322233 /* UIViewController+FYBackButtonTouched.m */,
				5BF2CAF09F796BC7FB261E49 /* UIAlertController+FYSupportedInterfaceOrientations.h */,
				5BF2CACBD74F4F539061780D /* UIAlertController+FYSupportedInterfaceOrientations.m */,
			);
			path = FYCategory;
			sourceTree = "<group>";
		};
		5BF2C7F976C76F81D9CCB50A /* FYViewController */ = {
			isa = PBXGroup;
			children = (
				5BF2CAE8FC56AA40D7339BA6 /* FYViewController.h */,
				5BF2C80702E1D2A7D072168B /* FYViewController.m */,
				5BF2CAB928C544B5E9C47B04 /* FYNavigationController.h */,
				5BF2CE4984140B231BAE3CAC /* FYNavigationController.m */,
			);
			path = FYViewController;
			sourceTree = "<group>";
		};
		5BF2C93F53814F3473D2B995 /* Products */ = {
			isa = PBXGroup;
			children = (
				5BF2C9D51F206699DA8D1A09 /* FYHelperDemo.app */,
				5BF2CF4D2106DCC8FC3F527E /* FYHelperDemoTests.xctest */,
				5BF2C419C9871900AC29EA08 /* FYHelperDemoUITests.xctest */,
			);
			name = Products;
			sourceTree = "<group>";
		};
		5BF2CC2CCCC336676A241765 /* FYUtil */ = {
			isa = PBXGroup;
			children = (
				5BF2C07383B6E727B958B9C0 /* FYAppUtil.h */,
				5BF2C6383B8A0CACA9763BEA /* FYAppUtil.m */,
				5BF2C933B433AE5FD8DBC785 /* FYFileUtil.h */,
				5BF2C3CD95AD72EE88B2EEB8 /* FYFileUtil.m */,
				5BF2C21FE655DD5E7A5C3FC3 /* FYErrorUtil.h */,
				5BF2C09D45E05A6766A1F400 /* FYErrorUtil.m */,
				5BF2CA2E6D3EFF165D00D085 /* FYOtherUtil.h */,
				5BF2C58C3FDF48256CBFEB12 /* FYOtherUtil.m */,
				5BF2C9CC52BAFA72BE019829 /* FYDeviceUtil.h */,
				5BF2CA908454A9ED7C6E0068 /* FYDeviceUtil.m */,
				5BF2CBFB28BD2F7396E4F5BB /* FYLocationUtil.h */,
				5BF2C73001F1EAFDA6961203 /* FYLocationUtil.m */,
				5BF2C777BF23668F3787FD62 /* FYMacroDefinition.h */,
				5BF2CC1F1F9950EC971D3ACD /* FYMacroDefinition.m */,
			);
			path = FYUtil;
			sourceTree = "<group>";
		};
		5BF2CD39C90529E41FECF2D3 /* FYSetup */ = {
			isa = PBXGroup;
			children = (
				5BF2CEF8FCF3C2F7162736E4 /* DDLog+FYSetup.m */,
				5BF2C14764F223D8294C01DF /* DDLog+FYSetup.h */,
			);
			path = FYSetup;
			sourceTree = "<group>";
		};
		5BF2CEFAA530353D7C00A256 /* FYHelper */ = {
			isa = PBXGroup;
			children = (
				5BF2CC2CCCC336676A241765 /* FYUtil */,
				5BF2C65433D58731C5D5AC71 /* FYCategory */,
				5BF2C8CDCED962278D69D15C /* FYHelper.h */,
				5BF2C0B52DF81AB921EA528C /* FYSubclass */,
				5BF2C7F976C76F81D9CCB50A /* FYViewController */,
				5BF2CD39C90529E41FECF2D3 /* FYSetup */,
			);
			name = FYHelper;
			path = ../FYHelper;
			sourceTree = "<group>";
		};
		5BF2CF08D2DE91F5EC15D611 /* FYHelperDemo */ = {
			isa = PBXGroup;
			children = (
				5BF2C1195974024DD2DF96F4 /* Info.plist */,
				5BF2C9CF143C121F9EA7FF39 /* Assets.xcassets */,
				5BF2CD6CA70F08C7308E1797 /* LaunchScreen.storyboard */,
				5BF2C560F91B2C038D67FB64 /* Supporting Files */,
				5BF2CB02B87A40861061BE6A /* AppDelegate.h */,
				5BF2C290B6DFA2230BD044AB /* AppDelegate.m */,
				5BF2C35CB9A553A71003D292 /* Main.storyboard */,
				5BF2CBBD9AEB43A4C40187FA /* FirstViewController.h */,
				5BF2C4DE8F3D7C448E0BE29B /* FirstViewController.m */,
				5BF2C7B1CE207EA8DFC3CCFF /* SecondViewController.h */,
				5BF2CE5DBF92F584E1B09B80 /* SecondViewController.m */,
			);
			path = FYHelperDemo;
			sourceTree = "<group>";
		};
		5BF2CFEF1DE8633D96C121FD /* FYHelperDemoTests */ = {
			isa = PBXGroup;
			children = (
				5BF2C1CE47FF10D224ECD854 /* Info.plist */,
				5BF2C874D54CFF64FA513D98 /* FYHelperDemoTests.m */,
			);
			path = FYHelperDemoTests;
			sourceTree = "<group>";
		};
		9FE3872E0DAD6334776DDCEB /* Frameworks */ = {
			isa = PBXGroup;
			children = (
				C4E109AF8B627A4230B088C2 /* libPods-FYHelperDemo.a */,
			);
			name = Frameworks;
			sourceTree = "<group>";
		};
		EFE3D834F8D7F1A97BB9AD9E /* Pods */ = {
			isa = PBXGroup;
			children = (
				6315377586A9D2013C7E6EA0 /* Pods-FYHelperDemo.debug.xcconfig */,
				9905FCEA298067BF5F4E050C /* Pods-FYHelperDemo.release.xcconfig */,
			);
			name = Pods;
			sourceTree = "<group>";
		};
/* End PBXGroup section */

/* Begin PBXNativeTarget section */
		5BF2C4C7BE423F19729B5CAA /* FYHelperDemoUITests */ = {
			isa = PBXNativeTarget;
			buildConfigurationList = 5BF2C909AE9DA6EE19649624 /* Build configuration list for PBXNativeTarget "FYHelperDemoUITests" */;
			buildPhases = (
				5BF2C03EBAC236BDA1C74327 /* Sources */,
				5BF2C545D0323AEC3FD5AA35 /* Frameworks */,
				5BF2C9E143EEA8755306EF22 /* Resources */,
			);
			buildRules = (
			);
			dependencies = (
				5BF2CFF91EF4E5EEA1C95FB7 /* PBXTargetDependency */,
			);
			name = FYHelperDemoUITests;
			productName = FYHelperDemoUITests;
			productReference = 5BF2C419C9871900AC29EA08 /* FYHelperDemoUITests.xctest */;
			productType = "com.apple.product-type.bundle.ui-testing";
		};
		5BF2CB735FD44119C296A880 /* FYHelperDemo */ = {
			isa = PBXNativeTarget;
			buildConfigurationList = 5BF2C51DB0F4F45D889EAAFC /* Build configuration list for PBXNativeTarget "FYHelperDemo" */;
			buildPhases = (
				95B2AA62479F50CE65198083 /* [CP] Check Pods Manifest.lock */,
				5BF2CBD86FF772C11B62D05D /* Sources */,
				5BF2C694D85162ABB8D37794 /* Frameworks */,
				5BF2C1FA6854AA8E4B11F806 /* Resources */,
				BAE1B7F686E1F1828367E38B /* [CP] Embed Pods Frameworks */,
				0981D1337B778C2975A14195 /* [CP] Copy Pods Resources */,
			);
			buildRules = (
			);
			dependencies = (
			);
			name = FYHelperDemo;
			productName = FYHelperDemo;
			productReference = 5BF2C9D51F206699DA8D1A09 /* FYHelperDemo.app */;
			productType = "com.apple.product-type.application";
		};
		5BF2CD3E7D4F1067225334CA /* FYHelperDemoTests */ = {
			isa = PBXNativeTarget;
			buildConfigurationList = 5BF2CA3EBDF48949496B1091 /* Build configuration list for PBXNativeTarget "FYHelperDemoTests" */;
			buildPhases = (
				5BF2C036C3A10845C3CF5BDA /* Sources */,
				5BF2C78E9541249130E9C3D2 /* Frameworks */,
				5BF2C8872ED9E722D2D4C4F0 /* Resources */,
			);
			buildRules = (
			);
			dependencies = (
				5BF2C2567534DA0B884805D2 /* PBXTargetDependency */,
			);
			name = FYHelperDemoTests;
			productName = FYHelperDemoTests;
			productReference = 5BF2CF4D2106DCC8FC3F527E /* FYHelperDemoTests.xctest */;
			productType = "com.apple.product-type.bundle.unit-test";
		};
/* End PBXNativeTarget section */

/* Begin PBXProject section */
		5BF2CE1CA4BE3B0911BCD855 /* Project object */ = {
			isa = PBXProject;
			attributes = {
				ORGANIZATIONNAME = "___FULLUSERNAME___";
				TargetAttributes = {
					5BF2CB735FD44119C296A880 = {
						DevelopmentTeam = 9LA84498JK;
					};
				};
			};
			buildConfigurationList = 5BF2CCFF3451B0C1FE64F6C5 /* Build configuration list for PBXProject "FYHelperDemo" */;
			compatibilityVersion = "Xcode 3.2";
			developmentRegion = English;
			hasScannedForEncodings = 0;
			knownRegions = (
				en,
			);
			mainGroup = 5BF2C4D67B141D1009092FB7;
			productRefGroup = 5BF2C93F53814F3473D2B995 /* Products */;
			projectDirPath = "";
			projectRoot = "";
			targets = (
				5BF2CB735FD44119C296A880 /* FYHelperDemo */,
				5BF2CD3E7D4F1067225334CA /* FYHelperDemoTests */,
				5BF2C4C7BE423F19729B5CAA /* FYHelperDemoUITests */,
			);
		};
/* End PBXProject section */

/* Begin PBXResourcesBuildPhase section */
		5BF2C1FA6854AA8E4B11F806 /* Resources */ = {
			isa = PBXResourcesBuildPhase;
			buildActionMask = 2147483647;
			files = (
				5BF2C97E4D26AB4CE38CFFCF /* Info.plist in Resources */,
				5BF2C7E045FD463A39282B9C /* Assets.xcassets in Resources */,
				5BF2CA85D8A63B38FF0919DB /* LaunchScreen.storyboard in Resources */,
				5BF2CF278A93F2D790CF2622 /* Main.storyboard in Resources */,
				5BF2C0ADC9AB69C08F20BCDC /* update_pod.sh in Resources */,
			);
			runOnlyForDeploymentPostprocessing = 0;
		};
		5BF2C8872ED9E722D2D4C4F0 /* Resources */ = {
			isa = PBXResourcesBuildPhase;
			buildActionMask = 2147483647;
			files = (
				5BF2CE0D07EB1B822FE2560A /* Info.plist in Resources */,
			);
			runOnlyForDeploymentPostprocessing = 0;
		};
		5BF2C9E143EEA8755306EF22 /* Resources */ = {
			isa = PBXResourcesBuildPhase;
			buildActionMask = 2147483647;
			files = (
				5BF2C7177DE6EA4B069B272B /* Info.plist in Resources */,
			);
			runOnlyForDeploymentPostprocessing = 0;
		};
/* End PBXResourcesBuildPhase section */

/* Begin PBXShellScriptBuildPhase section */
		0981D1337B778C2975A14195 /* [CP] Copy Pods Resources */ = {
			isa = PBXShellScriptBuildPhase;
			buildActionMask = 2147483647;
			files = (
			);
			inputPaths = (
			);
			name = "[CP] Copy Pods Resources";
			outputPaths = (
			);
			runOnlyForDeploymentPostprocessing = 0;
			shellPath = /bin/sh;
			shellScript = "\"${SRCROOT}/Pods/Target Support Files/Pods-FYHelperDemo/Pods-FYHelperDemo-resources.sh\"\n";
			showEnvVarsInLog = 0;
		};
		95B2AA62479F50CE65198083 /* [CP] Check Pods Manifest.lock */ = {
			isa = PBXShellScriptBuildPhase;
			buildActionMask = 2147483647;
			files = (
			);
			inputPaths = (
			);
			name = "[CP] Check Pods Manifest.lock";
			outputPaths = (
			);
			runOnlyForDeploymentPostprocessing = 0;
			shellPath = /bin/sh;
			shellScript = "diff \"${PODS_PODFILE_DIR_PATH}/Podfile.lock\" \"${PODS_ROOT}/Manifest.lock\" > /dev/null\nif [ $? != 0 ] ; then\n    # print error to STDERR\n    echo \"error: The sandbox is not in sync with the Podfile.lock. Run 'pod install' or update your CocoaPods installation.\" >&2\n    exit 1\nfi\n";
			showEnvVarsInLog = 0;
		};
		BAE1B7F686E1F1828367E38B /* [CP] Embed Pods Frameworks */ = {
			isa = PBXShellScriptBuildPhase;
			buildActionMask = 2147483647;
			files = (
			);
			inputPaths = (
			);
			name = "[CP] Embed Pods Frameworks";
			outputPaths = (
			);
			runOnlyForDeploymentPostprocessing = 0;
			shellPath = /bin/sh;
			shellScript = "\"${SRCROOT}/Pods/Target Support Files/Pods-FYHelperDemo/Pods-FYHelperDemo-frameworks.sh\"\n";
			showEnvVarsInLog = 0;
		};
/* End PBXShellScriptBuildPhase section */

/* Begin PBXSourcesBuildPhase section */
		5BF2C036C3A10845C3CF5BDA /* Sources */ = {
			isa = PBXSourcesBuildPhase;
			buildActionMask = 2147483647;
			files = (
				5BF2C5456D1E7A5928E3E890 /* FYHelperDemoTests.m in Sources */,
			);
			runOnlyForDeploymentPostprocessing = 0;
		};
		5BF2C03EBAC236BDA1C74327 /* Sources */ = {
			isa = PBXSourcesBuildPhase;
			buildActionMask = 2147483647;
			files = (
				5BF2C9D574AD8D7C1C06CB4B /* FYHelperDemoUITests.m in Sources */,
			);
			runOnlyForDeploymentPostprocessing = 0;
		};
		5BF2CBD86FF772C11B62D05D /* Sources */ = {
			isa = PBXSourcesBuildPhase;
			buildActionMask = 2147483647;
			files = (
				5BF2CF880730139B9966D6A6 /* main.m in Sources */,
				5BF2C601417ABEC77703B49D /* AppDelegate.m in Sources */,
				5BF2C217FA774794ADB945FC /* FirstViewController.m in Sources */,
				5BF2CF0454E9AD1537A32FBF /* SecondViewController.m in Sources */,
				5BF2C8028221FC40D24EB7AB /* FYAppUtil.m in Sources */,
				5BF2CC3DBAF91E454BF0548B /* FYFileUtil.m in Sources */,
				5BF2C498DB2986024D2A9F04 /* FYErrorUtil.m in Sources */,
				5BF2C276FA2EECC4A4395791 /* FYOtherUtil.m in Sources */,
				5BF2C9E3CCEEFCD4511E4F0C /* FYDeviceUtil.m in Sources */,
				5BF2CE4BDBB7CAF438AAA453 /* FYLocationUtil.m in Sources */,
				5BF2CF88DC0F8EAE2A04D3B0 /* FYMacroDefinition.m in Sources */,
				5BF2CD1DEC17CA90AFA20856 /* NSData+FY.m in Sources */,
				5BF2CAD4FEAF2422791E51EC /* NSArray+FY.m in Sources */,
				5BF2CE594CD8903527B48986 /* UIColor+FY.m in Sources */,
				5BF2CF16146097DD5C6DDE6A /* NSObject+FY.m in Sources */,
				5BF2CEDE8ED0096CF5DB1848 /* NSString+FY.m in Sources */,
				5BF2C80EB33297CB7B8BC3EA /* UIWindow+FY.m in Sources */,
				5BF2C356489AC5F4725BD3E6 /* UIView+Layer.m in Sources */,
				5BF2C9B8BAE9B67E3BA5C6BD /* NSTimer+Block.m in Sources */,
				5BF2CFF9FF01C20336CFC657 /* NSData+FYCache.m in Sources */,
				5BF2CB90F54651EE13C9AF3D /* UIImage+FYSave.m in Sources */,
				5BF2C5AB44C1BBB049069A3A /* UIView+FYFrame.m in Sources */,
				5BF2C697997ED0417EDCB795 /* NSDate+FYFormat.m in Sources */,
				5BF2CB3D32ADAE198EC8A255 /* NSDictionary+FY.m in Sources */,
				5BF2CDD2036706E7C0281398 /* UILabel+FYStyle.m in Sources */,
				5BF2CF883DD25D0F11BCDA6E /* UIView+Addition.m in Sources */,
				5BF2C7DF6B8B957B37F2B005 /* UIView+FYBorder.m in Sources */,
				5BF2C37EB27F47F8A19DB38A /* NSDate+FYCompare.m in Sources */,
				5BF2C495B49E741BC8617530 /* NSTimer+FYBlocks.m in Sources */,
				5BF2C7127F245F2FC4DD569A /* UIButton+FYBlock.m in Sources */,
				5BF2C7F8C17E0B651DA1C5CD /* UIButton+FYStyle.m in Sources */,
				5BF2C5092A73DFB225523FB3 /* UIImage+Addition.m in Sources */,
				5BF2CAE037214C57B43F4865 /* UIImage+FYCorner.m in Sources */,
				5BF2C6CB06CE04AA06D6BC7B /* UILabel+Addition.m in Sources */,
				5BF2C19F3248E1AD6782FE78 /* UIScreen+FYFrame.m in Sources */,
				5BF2CEE8FE2C1C4042C9A2CE /* UIView+Animation.m in Sources */,
				5BF2C2B952E6F3E29751C387 /* UIAlertView+Addition.m in Sources */,
				5BF2C4C24234AC75D7BCD373 /* UIButton+FYCountDown.m in Sources */,
				5BF2C4CED9700E693671FD22 /* UIScrollView+FYTouch.m in Sources */,
				5BF2CD70AA1AF9113CD0861E /* UIView+FYBlockGesture.m in Sources */,
				5BF2C8B4679364BEE41ED02D /* NSFileManager+Addition.m in Sources */,
				5BF2C9F2E56304BD737F4324 /* UITextField+LimitLength.m in Sources */,
				5BF2CFA269D02045B80DD966 /* UIView+highlightOnTouch.m in Sources */,
				5BF2C637AEC42B0BFD3C4EC8 /* UINavigationController+FY.m in Sources */,
				5BF2CA677D0A280929F519C9 /* UINavigationItem+Addition.m in Sources */,
				5BF2CBA37E12EB6D4CC94E04 /* AVAsset+FYVideoOrientation.m in Sources */,
				5BF2C738DD3602E56C55F992 /* UIViewController+FYBackButtonTouched.m in Sources */,
				5BF2CC210FA6A313A1D356F2 /* UIAlertController+FYSupportedInterfaceOrientations.m in Sources */,
				5BF2C4999B7A2E7A80EE9A2E /* FYBorderButton.m in Sources */,
				5BF2CD4EA04CF1FA930F3430 /* FYPaddingTextField.m in Sources */,
				5BF2C7EB6DEF14D824508136 /* FYViewController.m in Sources */,
				5BF2C2D7A1925824DBEBF4A9 /* FYNavigationController.m in Sources */,
				5BF2C47162610D8B3B553734 /* DDLog+FYSetup.m in Sources */,
				5BF2C27D17CA2F40FE0F25CD /* makefile in Sources */,
			);
			runOnlyForDeploymentPostprocessing = 0;
		};
/* End PBXSourcesBuildPhase section */

/* Begin PBXTargetDependency section */
		5BF2C2567534DA0B884805D2 /* PBXTargetDependency */ = {
			isa = PBXTargetDependency;
			target = 5BF2CB735FD44119C296A880 /* FYHelperDemo */;
			targetProxy = 5BF2C0D2979EE8F495B6E68E /* PBXContainerItemProxy */;
		};
		5BF2CFF91EF4E5EEA1C95FB7 /* PBXTargetDependency */ = {
			isa = PBXTargetDependency;
			target = 5BF2CB735FD44119C296A880 /* FYHelperDemo */;
			targetProxy = 5BF2CE20659B1FE135916C88 /* PBXContainerItemProxy */;
		};
/* End PBXTargetDependency section */

/* Begin PBXVariantGroup section */
		5BF2C35CB9A553A71003D292 /* Main.storyboard */ = {
			isa = PBXVariantGroup;
			children = (
				5BF2C52D09B13E460623BCDE /* Base */,
			);
			name = Main.storyboard;
			sourceTree = "<group>";
		};
		5BF2CD6CA70F08C7308E1797 /* LaunchScreen.storyboard */ = {
			isa = PBXVariantGroup;
			children = (
				5BF2C76F532A167316E82967 /* Base */,
			);
			name = LaunchScreen.storyboard;
			sourceTree = "<group>";
		};
/* End PBXVariantGroup section */

/* Begin XCBuildConfiguration section */
		5BF2C08D6B3D893B42C9923E /* Debug */ = {
			isa = XCBuildConfiguration;
			buildSettings = {
				ALWAYS_SEARCH_USER_PATHS = NO;
				CLANG_ANALYZER_NONNULL = YES;
				CLANG_ANALYZER_NUMBER_OBJECT_CONVERSION = YES_AGGRESSIVE;
				CLANG_CXX_LANGUAGE_STANDARD = "gnu++0x";
				CLANG_CXX_LIBRARY = "libc++";
				CLANG_ENABLE_MODULES = YES;
				CLANG_ENABLE_OBJC_ARC = YES;
				CLANG_WARN_BOOL_CONVERSION = YES;
				CLANG_WARN_CONSTANT_CONVERSION = YES;
				CLANG_WARN_DIRECT_OBJC_ISA_USAGE = YES_ERROR;
				CLANG_WARN_DOCUMENTATION_COMMENTS = YES;
				CLANG_WARN_EMPTY_BODY = YES;
				CLANG_WARN_ENUM_CONVERSION = YES;
				CLANG_WARN_INFINITE_RECURSION = YES;
				CLANG_WARN_INT_CONVERSION = YES;
				CLANG_WARN_OBJC_ROOT_CLASS = YES_ERROR;
				CLANG_WARN_SUSPICIOUS_MOVE = YES;
				CLANG_WARN_UNREACHABLE_CODE = YES;
				CLANG_WARN__DUPLICATE_METHOD_MATCH = YES;
				"CODE_SIGN_IDENTITY[sdk=iphoneos*]" = "iPhone Developer";
				COPY_PHASE_STRIP = NO;
				DEBUG_INFORMATION_FORMAT = dwarf;
				ENABLE_STRICT_OBJC_MSGSEND = YES;
				ENABLE_TESTABILITY = YES;
				GCC_C_LANGUAGE_STANDARD = gnu99;
				GCC_DYNAMIC_NO_PIC = NO;
				GCC_NO_COMMON_BLOCKS = YES;
				GCC_OPTIMIZATION_LEVEL = 0;
				GCC_PREPROCESSOR_DEFINITIONS = (
					"DEBUG=1",
					"$(inherited)",
				);
				GCC_WARN_64_TO_32_BIT_CONVERSION = YES;
				GCC_WARN_ABOUT_RETURN_TYPE = YES_ERROR;
				GCC_WARN_UNDECLARED_SELECTOR = YES;
				GCC_WARN_UNINITIALIZED_AUTOS = YES_AGGRESSIVE;
				GCC_WARN_UNUSED_FUNCTION = YES;
				GCC_WARN_UNUSED_VARIABLE = YES;
				IPHONEOS_DEPLOYMENT_TARGET = 10.3;
				MTL_ENABLE_DEBUG_INFO = YES;
				ONLY_ACTIVE_ARCH = YES;
				SDKROOT = iphoneos;
			};
			name = Debug;
		};
		5BF2C3A9A6711E87345209E2 /* Debug */ = {
			isa = XCBuildConfiguration;
			baseConfigurationReference = 6315377586A9D2013C7E6EA0 /* Pods-FYHelperDemo.debug.xcconfig */;
			buildSettings = {
				ASSETCATALOG_COMPILER_APPICON_NAME = AppIcon;
				DEVELOPMENT_TEAM = 9LA84498JK;
				INFOPLIST_FILE = FYHelperDemo/Info.plist;
				LD_RUNPATH_SEARCH_PATHS = "$(inherited) @executable_path/Frameworks";
				PRODUCT_BUNDLE_IDENTIFIER = com.bureguo.FYHelperDemo;
				PRODUCT_NAME = "$(TARGET_NAME)";
			};
			name = Debug;
		};
		5BF2C78EC6DCE07958684F2A /* Debug */ = {
			isa = XCBuildConfiguration;
			buildSettings = {
				INFOPLIST_FILE = FYHelperDemoUITests/Info.plist;
				LD_RUNPATH_SEARCH_PATHS = "$(inherited) @executable_path/Frameworks @loader_path/Frameworks";
				PRODUCT_BUNDLE_IDENTIFIER = com.bureguo.FYHelperDemoUITests;
				PRODUCT_NAME = "$(TARGET_NAME)";
				TEST_TARGET_NAME = FYHelperDemo;
			};
			name = Debug;
		};
		5BF2C9908A96C1316BFD132A /* Release */ = {
			isa = XCBuildConfiguration;
			baseConfigurationReference = 9905FCEA298067BF5F4E050C /* Pods-FYHelperDemo.release.xcconfig */;
			buildSettings = {
				ASSETCATALOG_COMPILER_APPICON_NAME = AppIcon;
				DEVELOPMENT_TEAM = 9LA84498JK;
				INFOPLIST_FILE = FYHelperDemo/Info.plist;
				LD_RUNPATH_SEARCH_PATHS = "$(inherited) @executable_path/Frameworks";
				PRODUCT_BUNDLE_IDENTIFIER = com.bureguo.FYHelperDemo;
				PRODUCT_NAME = "$(TARGET_NAME)";
			};
			name = Release;
		};
		5BF2CA0A091290D9DFFB7740 /* Release */ = {
			isa = XCBuildConfiguration;
			buildSettings = {
				INFOPLIST_FILE = FYHelperDemoUITests/Info.plist;
				LD_RUNPATH_SEARCH_PATHS = "$(inherited) @executable_path/Frameworks @loader_path/Frameworks";
				PRODUCT_BUNDLE_IDENTIFIER = com.bureguo.FYHelperDemoUITests;
				PRODUCT_NAME = "$(TARGET_NAME)";
				TEST_TARGET_NAME = FYHelperDemo;
			};
			name = Release;
		};
		5BF2CD16AAFA08146F18444D /* Debug */ = {
			isa = XCBuildConfiguration;
			buildSettings = {
				BUNDLE_LOADER = "$(BUILT_PRODUCTS_DIR)/FYHelperDemo.app/FYHelperDemo";
				INFOPLIST_FILE = FYHelperDemoTests/Info.plist;
				LD_RUNPATH_SEARCH_PATHS = "$(inherited) @executable_path/Frameworks @loader_path/Frameworks";
				PRODUCT_BUNDLE_IDENTIFIER = com.bureguo.FYHelperDemoTests;
				PRODUCT_NAME = "$(TARGET_NAME)";
				TEST_HOST = "$(BUNDLE_LOADER)";
			};
			name = Debug;
		};
		5BF2CEB3376FC8A606591F2C /* Release */ = {
			isa = XCBuildConfiguration;
			buildSettings = {
				BUNDLE_LOADER = "$(BUILT_PRODUCTS_DIR)/FYHelperDemo.app/FYHelperDemo";
				INFOPLIST_FILE = FYHelperDemoTests/Info.plist;
				LD_RUNPATH_SEARCH_PATHS = "$(inherited) @executable_path/Frameworks @loader_path/Frameworks";
				PRODUCT_BUNDLE_IDENTIFIER = com.bureguo.FYHelperDemoTests;
				PRODUCT_NAME = "$(TARGET_NAME)";
				TEST_HOST = "$(BUNDLE_LOADER)";
			};
			name = Release;
		};
		5BF2CFCFCC472A76301A74D6 /* Release */ = {
			isa = XCBuildConfiguration;
			buildSettings = {
				ALWAYS_SEARCH_USER_PATHS = NO;
				CLANG_ANALYZER_NONNULL = YES;
				CLANG_ANALYZER_NUMBER_OBJECT_CONVERSION = YES_AGGRESSIVE;
				CLANG_CXX_LANGUAGE_STANDARD = "gnu++0x";
				CLANG_CXX_LIBRARY = "libc++";
				CLANG_ENABLE_MODULES = YES;
				CLANG_ENABLE_OBJC_ARC = YES;
				CLANG_WARN_BOOL_CONVERSION = YES;
				CLANG_WARN_CONSTANT_CONVERSION = YES;
				CLANG_WARN_DIRECT_OBJC_ISA_USAGE = YES_ERROR;
				CLANG_WARN_DOCUMENTATION_COMMENTS = YES;
				CLANG_WARN_EMPTY_BODY = YES;
				CLANG_WARN_ENUM_CONVERSION = YES;
				CLANG_WARN_INFINITE_RECURSION = YES;
				CLANG_WARN_INT_CONVERSION = YES;
				CLANG_WARN_OBJC_ROOT_CLASS = YES_ERROR;
				CLANG_WARN_SUSPICIOUS_MOVE = YES;
				CLANG_WARN_UNREACHABLE_CODE = YES;
				CLANG_WARN__DUPLICATE_METHOD_MATCH = YES;
				"CODE_SIGN_IDENTITY[sdk=iphoneos*]" = "iPhone Developer";
				COPY_PHASE_STRIP = NO;
				DEBUG_INFORMATION_FORMAT = "dwarf-with-dsym";
				ENABLE_NS_ASSERTIONS = NO;
				ENABLE_STRICT_OBJC_MSGSEND = YES;
				GCC_C_LANGUAGE_STANDARD = gnu99;
				GCC_NO_COMMON_BLOCKS = YES;
				GCC_WARN_64_TO_32_BIT_CONVERSION = YES;
				GCC_WARN_ABOUT_RETURN_TYPE = YES_ERROR;
				GCC_WARN_UNDECLARED_SELECTOR = YES;
				GCC_WARN_UNINITIALIZED_AUTOS = YES_AGGRESSIVE;
				GCC_WARN_UNUSED_FUNCTION = YES;
				GCC_WARN_UNUSED_VARIABLE = YES;
				IPHONEOS_DEPLOYMENT_TARGET = 10.3;
				MTL_ENABLE_DEBUG_INFO = NO;
				SDKROOT = iphoneos;
				VALIDATE_PRODUCT = YES;
			};
			name = Release;
		};
/* End XCBuildConfiguration section */

/* Begin XCConfigurationList section */
		5BF2C51DB0F4F45D889EAAFC /* Build configuration list for PBXNativeTarget "FYHelperDemo" */ = {
			isa = XCConfigurationList;
			buildConfigurations = (
				5BF2C3A9A6711E87345209E2 /* Debug */,
				5BF2C9908A96C1316BFD132A /* Release */,
			);
			defaultConfigurationIsVisible = 0;
			defaultConfigurationName = Release;
		};
		5BF2C909AE9DA6EE19649624 /* Build configuration list for PBXNativeTarget "FYHelperDemoUITests" */ = {
			isa = XCConfigurationList;
			buildConfigurations = (
				5BF2C78EC6DCE07958684F2A /* Debug */,
				5BF2CA0A091290D9DFFB7740 /* Release */,
			);
			defaultConfigurationIsVisible = 0;
			defaultConfigurationName = Release;
		};
		5BF2CA3EBDF48949496B1091 /* Build configuration list for PBXNativeTarget "FYHelperDemoTests" */ = {
			isa = XCConfigurationList;
			buildConfigurations = (
				5BF2CD16AAFA08146F18444D /* Debug */,
				5BF2CEB3376FC8A606591F2C /* Release */,
			);
			defaultConfigurationIsVisible = 0;
			defaultConfigurationName = Release;
		};
		5BF2CCFF3451B0C1FE64F6C5 /* Build configuration list for PBXProject "FYHelperDemo" */ = {
			isa = XCConfigurationList;
			buildConfigurations = (
				5BF2C08D6B3D893B42C9923E /* Debug */,
				5BF2CFCFCC472A76301A74D6 /* Release */,
			);
			defaultConfigurationIsVisible = 0;
			defaultConfigurationName = Release;
		};
/* End XCConfigurationList section */
	};
	rootObject = 5BF2CE1CA4BE3B0911BCD855 /* Project object */;
}
