// !$*UTF8*$!
{
	archiveVersion = 1;
	classes = {
	};
	objectVersion = 46;
	objects = {

/* Begin PBXBuildFile section */
		5219396F1DB8F488009503A1 /* NSArray+FY.m in Sources */ = {isa = PBXBuildFile; fileRef = 521939311DB8F488009503A1 /* NSArray+FY.m */; };
		521939701DB8F488009503A1 /* NSData+Addition.m in Sources */ = {isa = PBXBuildFile; fileRef = 521939331DB8F488009503A1 /* NSData+Addition.m */; };
		521939711DB8F488009503A1 /* NSDate+Addition.m in Sources */ = {isa = PBXBuildFile; fileRef = 521939351DB8F488009503A1 /* NSDate+Addition.m */; };
		521939721DB8F488009503A1 /* NSFileManager+Addition.m in Sources */ = {isa = PBXBuildFile; fileRef = 521939371DB8F488009503A1 /* NSFileManager+Addition.m */; };
		521939731DB8F488009503A1 /* NSString+Addition.m in Sources */ = {isa = PBXBuildFile; fileRef = 521939391DB8F488009503A1 /* NSString+Addition.m */; };
		521939741DB8F488009503A1 /* UIAlertView+Addition.m in Sources */ = {isa = PBXBuildFile; fileRef = 5219393B1DB8F488009503A1 /* UIAlertView+Addition.m */; };
		521939751DB8F488009503A1 /* UIColor+FY.m in Sources */ = {isa = PBXBuildFile; fileRef = 5219393D1DB8F488009503A1 /* UIColor+FY.m */; };
		521939771DB8F488009503A1 /* UIImage+Addition.m in Sources */ = {isa = PBXBuildFile; fileRef = 521939411DB8F488009503A1 /* UIImage+Addition.m */; };
		521939781DB8F488009503A1 /* UILabel+Addition.m in Sources */ = {isa = PBXBuildFile; fileRef = 521939431DB8F488009503A1 /* UILabel+Addition.m */; };
		521939791DB8F488009503A1 /* UINavigationController+FY.m in Sources */ = {isa = PBXBuildFile; fileRef = 521939451DB8F488009503A1 /* UINavigationController+FY.m */; };
		5219397A1DB8F488009503A1 /* UINavigationItem+Addition.m in Sources */ = {isa = PBXBuildFile; fileRef = 521939471DB8F488009503A1 /* UINavigationItem+Addition.m */; };
		5219397B1DB8F488009503A1 /* UITextField+LimitLength.m in Sources */ = {isa = PBXBuildFile; fileRef = 521939491DB8F488009503A1 /* UITextField+LimitLength.m */; };
		5219397C1DB8F488009503A1 /* UIView+Addition.m in Sources */ = {isa = PBXBuildFile; fileRef = 5219394B1DB8F488009503A1 /* UIView+Addition.m */; };
		5219397D1DB8F488009503A1 /* UIView+Animation.m in Sources */ = {isa = PBXBuildFile; fileRef = 5219394D1DB8F488009503A1 /* UIView+Animation.m */; };
		5219397F1DB8F488009503A1 /* UIView+Layer.m in Sources */ = {isa = PBXBuildFile; fileRef = 521939511DB8F488009503A1 /* UIView+Layer.m */; };
		521939801DB8F488009503A1 /* FYMacroDefinition.m in Sources */ = {isa = PBXBuildFile; fileRef = 521939541DB8F488009503A1 /* FYMacroDefinition.m */; };
		521939811DB8F488009503A1 /* FYTextField.m in Sources */ = {isa = PBXBuildFile; fileRef = 521939571DB8F488009503A1 /* FYTextField.m */; };
		521939821DB8F488009503A1 /* FYAppInfo.m in Sources */ = {isa = PBXBuildFile; fileRef = 5219395A1DB8F488009503A1 /* FYAppInfo.m */; };
		521939831DB8F488009503A1 /* FYDeviceInfo.m in Sources */ = {isa = PBXBuildFile; fileRef = 5219395C1DB8F488009503A1 /* FYDeviceInfo.m */; };
		521939841DB8F488009503A1 /* FYFileUtil.m in Sources */ = {isa = PBXBuildFile; fileRef = 5219395E1DB8F488009503A1 /* FYFileUtil.m */; };
		521939851DB8F488009503A1 /* FYLocationUtil.m in Sources */ = {isa = PBXBuildFile; fileRef = 521939601DB8F488009503A1 /* FYLocationUtil.m */; };
		521939861DB8F488009503A1 /* FYOtherUtil.m in Sources */ = {isa = PBXBuildFile; fileRef = 521939621DB8F488009503A1 /* FYOtherUtil.m */; };
		521939881DB8F488009503A1 /* FYNavigationController.m in Sources */ = {isa = PBXBuildFile; fileRef = 521939681DB8F488009503A1 /* FYNavigationController.m */; };
		5219398B1DB8F488009503A1 /* FYViewController.m in Sources */ = {isa = PBXBuildFile; fileRef = 5219396E1DB8F488009503A1 /* FYViewController.m */; };
		52E875221DB5071900169C24 /* main.m in Sources */ = {isa = PBXBuildFile; fileRef = 52E875211DB5071900169C24 /* main.m */; };
		52E875251DB5071900169C24 /* AppDelegate.m in Sources */ = {isa = PBXBuildFile; fileRef = 52E875241DB5071900169C24 /* AppDelegate.m */; };
		52E875281DB5071900169C24 /* FirstViewController.m in Sources */ = {isa = PBXBuildFile; fileRef = 52E875271DB5071900169C24 /* FirstViewController.m */; };
		52E8752B1DB5071900169C24 /* SecondViewController.m in Sources */ = {isa = PBXBuildFile; fileRef = 52E8752A1DB5071900169C24 /* SecondViewController.m */; };
		52E8752E1DB5071900169C24 /* Main.storyboard in Resources */ = {isa = PBXBuildFile; fileRef = 52E8752C1DB5071900169C24 /* Main.storyboard */; };
		52E875301DB5071900169C24 /* Assets.xcassets in Resources */ = {isa = PBXBuildFile; fileRef = 52E8752F1DB5071900169C24 /* Assets.xcassets */; };
		52E875331DB5071900169C24 /* LaunchScreen.storyboard in Resources */ = {isa = PBXBuildFile; fileRef = 52E875311DB5071900169C24 /* LaunchScreen.storyboard */; };
		52E8753E1DB5071900169C24 /* FYHelperDemoTests.m in Sources */ = {isa = PBXBuildFile; fileRef = 52E8753D1DB5071900169C24 /* FYHelperDemoTests.m */; };
		52E875491DB5071900169C24 /* FYHelperDemoUITests.m in Sources */ = {isa = PBXBuildFile; fileRef = 52E875481DB5071900169C24 /* FYHelperDemoUITests.m */; };
		5BF2C56AC11D0612E907FEB3 /* NSDictionary+FY.m in Sources */ = {isa = PBXBuildFile; fileRef = 5BF2C442AD29670C0123DE93 /* NSDictionary+FY.m */; };
/* End PBXBuildFile section */

/* Begin PBXContainerItemProxy section */
		52E8753A1DB5071900169C24 /* PBXContainerItemProxy */ = {
			isa = PBXContainerItemProxy;
			containerPortal = 52E875151DB5071900169C24 /* Project object */;
			proxyType = 1;
			remoteGlobalIDString = 52E8751C1DB5071900169C24;
			remoteInfo = FYHelperDemo;
		};
		52E875451DB5071900169C24 /* PBXContainerItemProxy */ = {
			isa = PBXContainerItemProxy;
			containerPortal = 52E875151DB5071900169C24 /* Project object */;
			proxyType = 1;
			remoteGlobalIDString = 52E8751C1DB5071900169C24;
			remoteInfo = FYHelperDemo;
		};
/* End PBXContainerItemProxy section */

/* Begin PBXFileReference section */
		5219392F1DB8F488009503A1 /* FYCategory.h */ = {isa = PBXFileReference; fileEncoding = 4; lastKnownFileType = sourcecode.c.h; path = FYCategory.h; sourceTree = "<group>"; };
		521939301DB8F488009503A1 /* NSArray+FY.h */ = {isa = PBXFileReference; fileEncoding = 4; lastKnownFileType = sourcecode.c.h; path = "NSArray+FY.h"; sourceTree = "<group>"; };
		521939311DB8F488009503A1 /* NSArray+FY.m */ = {isa = PBXFileReference; fileEncoding = 4; lastKnownFileType = sourcecode.c.objc; path = "NSArray+FY.m"; sourceTree = "<group>"; };
		521939321DB8F488009503A1 /* NSData+Addition.h */ = {isa = PBXFileReference; fileEncoding = 4; lastKnownFileType = sourcecode.c.h; path = "NSData+Addition.h"; sourceTree = "<group>"; };
		521939331DB8F488009503A1 /* NSData+Addition.m */ = {isa = PBXFileReference; fileEncoding = 4; lastKnownFileType = sourcecode.c.objc; path = "NSData+Addition.m"; sourceTree = "<group>"; };
		521939341DB8F488009503A1 /* NSDate+Addition.h */ = {isa = PBXFileReference; fileEncoding = 4; lastKnownFileType = sourcecode.c.h; path = "NSDate+Addition.h"; sourceTree = "<group>"; };
		521939351DB8F488009503A1 /* NSDate+Addition.m */ = {isa = PBXFileReference; fileEncoding = 4; lastKnownFileType = sourcecode.c.objc; path = "NSDate+Addition.m"; sourceTree = "<group>"; };
		521939361DB8F488009503A1 /* NSFileManager+Addition.h */ = {isa = PBXFileReference; fileEncoding = 4; lastKnownFileType = sourcecode.c.h; path = "NSFileManager+Addition.h"; sourceTree = "<group>"; };
		521939371DB8F488009503A1 /* NSFileManager+Addition.m */ = {isa = PBXFileReference; fileEncoding = 4; lastKnownFileType = sourcecode.c.objc; path = "NSFileManager+Addition.m"; sourceTree = "<group>"; };
		521939381DB8F488009503A1 /* NSString+Addition.h */ = {isa = PBXFileReference; fileEncoding = 4; lastKnownFileType = sourcecode.c.h; path = "NSString+Addition.h"; sourceTree = "<group>"; };
		521939391DB8F488009503A1 /* NSString+Addition.m */ = {isa = PBXFileReference; fileEncoding = 4; lastKnownFileType = sourcecode.c.objc; path = "NSString+Addition.m"; sourceTree = "<group>"; };
		5219393A1DB8F488009503A1 /* UIAlertView+Addition.h */ = {isa = PBXFileReference; fileEncoding = 4; lastKnownFileType = sourcecode.c.h; path = "UIAlertView+Addition.h"; sourceTree = "<group>"; };
		5219393B1DB8F488009503A1 /* UIAlertView+Addition.m */ = {isa = PBXFileReference; fileEncoding = 4; lastKnownFileType = sourcecode.c.objc; path = "UIAlertView+Addition.m"; sourceTree = "<group>"; };
		5219393C1DB8F488009503A1 /* UIColor+FY.h */ = {isa = PBXFileReference; fileEncoding = 4; lastKnownFileType = sourcecode.c.h; path = "UIColor+FY.h"; sourceTree = "<group>"; };
		5219393D1DB8F488009503A1 /* UIColor+FY.m */ = {isa = PBXFileReference; fileEncoding = 4; lastKnownFileType = sourcecode.c.objc; path = "UIColor+FY.m"; sourceTree = "<group>"; };
		521939401DB8F488009503A1 /* UIImage+Addition.h */ = {isa = PBXFileReference; fileEncoding = 4; lastKnownFileType = sourcecode.c.h; path = "UIImage+Addition.h"; sourceTree = "<group>"; };
		521939411DB8F488009503A1 /* UIImage+Addition.m */ = {isa = PBXFileReference; fileEncoding = 4; lastKnownFileType = sourcecode.c.objc; path = "UIImage+Addition.m"; sourceTree = "<group>"; };
		521939421DB8F488009503A1 /* UILabel+Addition.h */ = {isa = PBXFileReference; fileEncoding = 4; lastKnownFileType = sourcecode.c.h; path = "UILabel+Addition.h"; sourceTree = "<group>"; };
		521939431DB8F488009503A1 /* UILabel+Addition.m */ = {isa = PBXFileReference; fileEncoding = 4; lastKnownFileType = sourcecode.c.objc; path = "UILabel+Addition.m"; sourceTree = "<group>"; };
		521939441DB8F488009503A1 /* UINavigationController+FY.h */ = {isa = PBXFileReference; fileEncoding = 4; lastKnownFileType = sourcecode.c.h; path = "UINavigationController+FY.h"; sourceTree = "<group>"; };
		521939451DB8F488009503A1 /* UINavigationController+FY.m */ = {isa = PBXFileReference; fileEncoding = 4; lastKnownFileType = sourcecode.c.objc; path = "UINavigationController+FY.m"; sourceTree = "<group>"; };
		521939461DB8F488009503A1 /* UINavigationItem+Addition.h */ = {isa = PBXFileReference; fileEncoding = 4; lastKnownFileType = sourcecode.c.h; path = "UINavigationItem+Addition.h"; sourceTree = "<group>"; };
		521939471DB8F488009503A1 /* UINavigationItem+Addition.m */ = {isa = PBXFileReference; fileEncoding = 4; lastKnownFileType = sourcecode.c.objc; path = "UINavigationItem+Addition.m"; sourceTree = "<group>"; };
		521939481DB8F488009503A1 /* UITextField+LimitLength.h */ = {isa = PBXFileReference; fileEncoding = 4; lastKnownFileType = sourcecode.c.h; path = "UITextField+LimitLength.h"; sourceTree = "<group>"; };
		521939491DB8F488009503A1 /* UITextField+LimitLength.m */ = {isa = PBXFileReference; fileEncoding = 4; lastKnownFileType = sourcecode.c.objc; path = "UITextField+LimitLength.m"; sourceTree = "<group>"; };
		5219394A1DB8F488009503A1 /* UIView+Addition.h */ = {isa = PBXFileReference; fileEncoding = 4; lastKnownFileType = sourcecode.c.h; path = "UIView+Addition.h"; sourceTree = "<group>"; };
		5219394B1DB8F488009503A1 /* UIView+Addition.m */ = {isa = PBXFileReference; fileEncoding = 4; lastKnownFileType = sourcecode.c.objc; path = "UIView+Addition.m"; sourceTree = "<group>"; };
		5219394C1DB8F488009503A1 /* UIView+Animation.h */ = {isa = PBXFileReference; fileEncoding = 4; lastKnownFileType = sourcecode.c.h; path = "UIView+Animation.h"; sourceTree = "<group>"; };
		5219394D1DB8F488009503A1 /* UIView+Animation.m */ = {isa = PBXFileReference; fileEncoding = 4; lastKnownFileType = sourcecode.c.objc; path = "UIView+Animation.m"; sourceTree = "<group>"; };
		521939501DB8F488009503A1 /* UIView+Layer.h */ = {isa = PBXFileReference; fileEncoding = 4; lastKnownFileType = sourcecode.c.h; path = "UIView+Layer.h"; sourceTree = "<group>"; };
		521939511DB8F488009503A1 /* UIView+Layer.m */ = {isa = PBXFileReference; fileEncoding = 4; lastKnownFileType = sourcecode.c.objc; path = "UIView+Layer.m"; sourceTree = "<group>"; };
		521939521DB8F488009503A1 /* FYHelper.h */ = {isa = PBXFileReference; fileEncoding = 4; lastKnownFileType = sourcecode.c.h; path = FYHelper.h; sourceTree = "<group>"; };
		521939531DB8F488009503A1 /* FYMacroDefinition.h */ = {isa = PBXFileReference; fileEncoding = 4; lastKnownFileType = sourcecode.c.h; path = FYMacroDefinition.h; sourceTree = "<group>"; };
		521939541DB8F488009503A1 /* FYMacroDefinition.m */ = {isa = PBXFileReference; fileEncoding = 4; lastKnownFileType = sourcecode.c.objc; path = FYMacroDefinition.m; sourceTree = "<group>"; };
		521939561DB8F488009503A1 /* FYTextField.h */ = {isa = PBXFileReference; fileEncoding = 4; lastKnownFileType = sourcecode.c.h; path = FYTextField.h; sourceTree = "<group>"; };
		521939571DB8F488009503A1 /* FYTextField.m */ = {isa = PBXFileReference; fileEncoding = 4; lastKnownFileType = sourcecode.c.objc; path = FYTextField.m; sourceTree = "<group>"; };
		521939591DB8F488009503A1 /* FYAppInfo.h */ = {isa = PBXFileReference; fileEncoding = 4; lastKnownFileType = sourcecode.c.h; path = FYAppInfo.h; sourceTree = "<group>"; };
		5219395A1DB8F488009503A1 /* FYAppInfo.m */ = {isa = PBXFileReference; fileEncoding = 4; lastKnownFileType = sourcecode.c.objc; path = FYAppInfo.m; sourceTree = "<group>"; };
		5219395B1DB8F488009503A1 /* FYDeviceInfo.h */ = {isa = PBXFileReference; fileEncoding = 4; lastKnownFileType = sourcecode.c.h; path = FYDeviceInfo.h; sourceTree = "<group>"; };
		5219395C1DB8F488009503A1 /* FYDeviceInfo.m */ = {isa = PBXFileReference; fileEncoding = 4; lastKnownFileType = sourcecode.c.objc; path = FYDeviceInfo.m; sourceTree = "<group>"; };
		5219395D1DB8F488009503A1 /* FYFileUtil.h */ = {isa = PBXFileReference; fileEncoding = 4; lastKnownFileType = sourcecode.c.h; path = FYFileUtil.h; sourceTree = "<group>"; };
		5219395E1DB8F488009503A1 /* FYFileUtil.m */ = {isa = PBXFileReference; fileEncoding = 4; lastKnownFileType = sourcecode.c.objc; path = FYFileUtil.m; sourceTree = "<group>"; };
		5219395F1DB8F488009503A1 /* FYLocationUtil.h */ = {isa = PBXFileReference; fileEncoding = 4; lastKnownFileType = sourcecode.c.h; path = FYLocationUtil.h; sourceTree = "<group>"; };
		521939601DB8F488009503A1 /* FYLocationUtil.m */ = {isa = PBXFileReference; fileEncoding = 4; lastKnownFileType = sourcecode.c.objc; path = FYLocationUtil.m; sourceTree = "<group>"; };
		521939611DB8F488009503A1 /* FYOtherUtil.h */ = {isa = PBXFileReference; fileEncoding = 4; lastKnownFileType = sourcecode.c.h; path = FYOtherUtil.h; sourceTree = "<group>"; };
		521939621DB8F488009503A1 /* FYOtherUtil.m */ = {isa = PBXFileReference; fileEncoding = 4; lastKnownFileType = sourcecode.c.objc; path = FYOtherUtil.m; sourceTree = "<group>"; };
		521939671DB8F488009503A1 /* FYNavigationController.h */ = {isa = PBXFileReference; fileEncoding = 4; lastKnownFileType = sourcecode.c.h; path = FYNavigationController.h; sourceTree = "<group>"; };
		521939681DB8F488009503A1 /* FYNavigationController.m */ = {isa = PBXFileReference; fileEncoding = 4; lastKnownFileType = sourcecode.c.objc; path = FYNavigationController.m; sourceTree = "<group>"; };
		5219396D1DB8F488009503A1 /* FYViewController.h */ = {isa = PBXFileReference; fileEncoding = 4; lastKnownFileType = sourcecode.c.h; path = FYViewController.h; sourceTree = "<group>"; };
		5219396E1DB8F488009503A1 /* FYViewController.m */ = {isa = PBXFileReference; fileEncoding = 4; lastKnownFileType = sourcecode.c.objc; path = FYViewController.m; sourceTree = "<group>"; };
		52E8751D1DB5071900169C24 /* FYHelperDemo.app */ = {isa = PBXFileReference; explicitFileType = wrapper.application; includeInIndex = 0; path = FYHelperDemo.app; sourceTree = BUILT_PRODUCTS_DIR; };
		52E875211DB5071900169C24 /* main.m */ = {isa = PBXFileReference; lastKnownFileType = sourcecode.c.objc; path = main.m; sourceTree = "<group>"; };
		52E875231DB5071900169C24 /* AppDelegate.h */ = {isa = PBXFileReference; lastKnownFileType = sourcecode.c.h; path = AppDelegate.h; sourceTree = "<group>"; };
		52E875241DB5071900169C24 /* AppDelegate.m */ = {isa = PBXFileReference; lastKnownFileType = sourcecode.c.objc; path = AppDelegate.m; sourceTree = "<group>"; };
		52E875261DB5071900169C24 /* FirstViewController.h */ = {isa = PBXFileReference; lastKnownFileType = sourcecode.c.h; path = FirstViewController.h; sourceTree = "<group>"; };
		52E875271DB5071900169C24 /* FirstViewController.m */ = {isa = PBXFileReference; lastKnownFileType = sourcecode.c.objc; path = FirstViewController.m; sourceTree = "<group>"; };
		52E875291DB5071900169C24 /* SecondViewController.h */ = {isa = PBXFileReference; lastKnownFileType = sourcecode.c.h; path = SecondViewController.h; sourceTree = "<group>"; };
		52E8752A1DB5071900169C24 /* SecondViewController.m */ = {isa = PBXFileReference; lastKnownFileType = sourcecode.c.objc; path = SecondViewController.m; sourceTree = "<group>"; };
		52E8752D1DB5071900169C24 /* Base */ = {isa = PBXFileReference; lastKnownFileType = file.storyboard; name = Base; path = Base.lproj/Main.storyboard; sourceTree = "<group>"; };
		52E8752F1DB5071900169C24 /* Assets.xcassets */ = {isa = PBXFileReference; lastKnownFileType = folder.assetcatalog; path = Assets.xcassets; sourceTree = "<group>"; };
		52E875321DB5071900169C24 /* Base */ = {isa = PBXFileReference; lastKnownFileType = file.storyboard; name = Base; path = Base.lproj/LaunchScreen.storyboard; sourceTree = "<group>"; };
		52E875341DB5071900169C24 /* Info.plist */ = {isa = PBXFileReference; lastKnownFileType = text.plist.xml; path = Info.plist; sourceTree = "<group>"; };
		52E875391DB5071900169C24 /* FYHelperDemoTests.xctest */ = {isa = PBXFileReference; explicitFileType = wrapper.cfbundle; includeInIndex = 0; path = FYHelperDemoTests.xctest; sourceTree = BUILT_PRODUCTS_DIR; };
		52E8753D1DB5071900169C24 /* FYHelperDemoTests.m */ = {isa = PBXFileReference; lastKnownFileType = sourcecode.c.objc; path = FYHelperDemoTests.m; sourceTree = "<group>"; };
		52E8753F1DB5071900169C24 /* Info.plist */ = {isa = PBXFileReference; lastKnownFileType = text.plist.xml; path = Info.plist; sourceTree = "<group>"; };
		52E875441DB5071900169C24 /* FYHelperDemoUITests.xctest */ = {isa = PBXFileReference; explicitFileType = wrapper.cfbundle; includeInIndex = 0; path = FYHelperDemoUITests.xctest; sourceTree = BUILT_PRODUCTS_DIR; };
		52E875481DB5071900169C24 /* FYHelperDemoUITests.m */ = {isa = PBXFileReference; lastKnownFileType = sourcecode.c.objc; path = FYHelperDemoUITests.m; sourceTree = "<group>"; };
		52E8754A1DB5071900169C24 /* Info.plist */ = {isa = PBXFileReference; lastKnownFileType = text.plist.xml; path = Info.plist; sourceTree = "<group>"; };
		5BF2C442AD29670C0123DE93 /* NSDictionary+FY.m */ = {isa = PBXFileReference; fileEncoding = 4; lastKnownFileType = sourcecode.c.objc; path = "NSDictionary+FY.m"; sourceTree = "<group>"; };
		5BF2CCD38795486EFAD074D6 /* NSDictionary+FY.h */ = {isa = PBXFileReference; fileEncoding = 4; lastKnownFileType = sourcecode.c.h; path = "NSDictionary+FY.h"; sourceTree = "<group>"; };
/* End PBXFileReference section */

/* Begin PBXFrameworksBuildPhase section */
		52E8751A1DB5071900169C24 /* Frameworks */ = {
			isa = PBXFrameworksBuildPhase;
			buildActionMask = 2147483647;
			files = (
			);
			runOnlyForDeploymentPostprocessing = 0;
		};
		52E875361DB5071900169C24 /* Frameworks */ = {
			isa = PBXFrameworksBuildPhase;
			buildActionMask = 2147483647;
			files = (
			);
			runOnlyForDeploymentPostprocessing = 0;
		};
		52E875411DB5071900169C24 /* Frameworks */ = {
			isa = PBXFrameworksBuildPhase;
			buildActionMask = 2147483647;
			files = (
			);
			runOnlyForDeploymentPostprocessing = 0;
		};
/* End PBXFrameworksBuildPhase section */

/* Begin PBXGroup section */
		5219392D1DB8F488009503A1 /* FYHelper */ = {
			isa = PBXGroup;
			children = (
				5219392E1DB8F488009503A1 /* FYCategory */,
				521939521DB8F488009503A1 /* FYHelper.h */,
				521939531DB8F488009503A1 /* FYMacroDefinition.h */,
				521939541DB8F488009503A1 /* FYMacroDefinition.m */,
				521939551DB8F488009503A1 /* FYSubclass */,
				521939581DB8F488009503A1 /* FYUtil */,
				521939641DB8F488009503A1 /* FYViewController */,
			);
			name = FYHelper;
			path = ../FYHelper;
			sourceTree = "<group>";
		};
		5219392E1DB8F488009503A1 /* FYCategory */ = {
			isa = PBXGroup;
			children = (
				5219392F1DB8F488009503A1 /* FYCategory.h */,
				521939301DB8F488009503A1 /* NSArray+FY.h */,
				521939311DB8F488009503A1 /* NSArray+FY.m */,
				521939321DB8F488009503A1 /* NSData+Addition.h */,
				521939331DB8F488009503A1 /* NSData+Addition.m */,
				521939341DB8F488009503A1 /* NSDate+Addition.h */,
				521939351DB8F488009503A1 /* NSDate+Addition.m */,
				521939361DB8F488009503A1 /* NSFileManager+Addition.h */,
				521939371DB8F488009503A1 /* NSFileManager+Addition.m */,
				521939381DB8F488009503A1 /* NSString+Addition.h */,
				521939391DB8F488009503A1 /* NSString+Addition.m */,
				5219393A1DB8F488009503A1 /* UIAlertView+Addition.h */,
				5219393B1DB8F488009503A1 /* UIAlertView+Addition.m */,
				5219393C1DB8F488009503A1 /* UIColor+FY.h */,
				5219393D1DB8F488009503A1 /* UIColor+FY.m */,
				521939401DB8F488009503A1 /* UIImage+Addition.h */,
				521939411DB8F488009503A1 /* UIImage+Addition.m */,
				521939421DB8F488009503A1 /* UILabel+Addition.h */,
				521939431DB8F488009503A1 /* UILabel+Addition.m */,
				521939441DB8F488009503A1 /* UINavigationController+FY.h */,
				521939451DB8F488009503A1 /* UINavigationController+FY.m */,
				521939461DB8F488009503A1 /* UINavigationItem+Addition.h */,
				521939471DB8F488009503A1 /* UINavigationItem+Addition.m */,
				521939481DB8F488009503A1 /* UITextField+LimitLength.h */,
				521939491DB8F488009503A1 /* UITextField+LimitLength.m */,
				5219394A1DB8F488009503A1 /* UIView+Addition.h */,
				5219394B1DB8F488009503A1 /* UIView+Addition.m */,
				5219394C1DB8F488009503A1 /* UIView+Animation.h */,
				5219394D1DB8F488009503A1 /* UIView+Animation.m */,
				521939501DB8F488009503A1 /* UIView+Layer.h */,
				521939511DB8F488009503A1 /* UIView+Layer.m */,
				5BF2C442AD29670C0123DE93 /* NSDictionary+FY.m */,
				5BF2CCD38795486EFAD074D6 /* NSDictionary+FY.h */,
			);
			path = FYCategory;
			sourceTree = "<group>";
		};
		521939551DB8F488009503A1 /* FYSubclass */ = {
			isa = PBXGroup;
			children = (
				521939561DB8F488009503A1 /* FYTextField.h */,
				521939571DB8F488009503A1 /* FYTextField.m */,
			);
			path = FYSubclass;
			sourceTree = "<group>";
		};
		521939581DB8F488009503A1 /* FYUtil */ = {
			isa = PBXGroup;
			children = (
				521939591DB8F488009503A1 /* FYAppInfo.h */,
				5219395A1DB8F488009503A1 /* FYAppInfo.m */,
				5219395B1DB8F488009503A1 /* FYDeviceInfo.h */,
				5219395C1DB8F488009503A1 /* FYDeviceInfo.m */,
				5219395D1DB8F488009503A1 /* FYFileUtil.h */,
				5219395E1DB8F488009503A1 /* FYFileUtil.m */,
				5219395F1DB8F488009503A1 /* FYLocationUtil.h */,
				521939601DB8F488009503A1 /* FYLocationUtil.m */,
				521939611DB8F488009503A1 /* FYOtherUtil.h */,
				521939621DB8F488009503A1 /* FYOtherUtil.m */,
			);
			path = FYUtil;
			sourceTree = "<group>";
		};
		521939641DB8F488009503A1 /* FYViewController */ = {
			isa = PBXGroup;
			children = (
				521939671DB8F488009503A1 /* FYNavigationController.h */,
				521939681DB8F488009503A1 /* FYNavigationController.m */,
				5219396D1DB8F488009503A1 /* FYViewController.h */,
				5219396E1DB8F488009503A1 /* FYViewController.m */,
			);
			path = FYViewController;
			sourceTree = "<group>";
		};
		52E875141DB5071900169C24 = {
			isa = PBXGroup;
			children = (
				5219392D1DB8F488009503A1 /* FYHelper */,
				52E8751F1DB5071900169C24 /* FYHelperDemo */,
				52E8753C1DB5071900169C24 /* FYHelperDemoTests */,
				52E875471DB5071900169C24 /* FYHelperDemoUITests */,
				52E8751E1DB5071900169C24 /* Products */,
			);
			sourceTree = "<group>";
		};
		52E8751E1DB5071900169C24 /* Products */ = {
			isa = PBXGroup;
			children = (
				52E8751D1DB5071900169C24 /* FYHelperDemo.app */,
				52E875391DB5071900169C24 /* FYHelperDemoTests.xctest */,
				52E875441DB5071900169C24 /* FYHelperDemoUITests.xctest */,
			);
			name = Products;
			sourceTree = "<group>";
		};
		52E8751F1DB5071900169C24 /* FYHelperDemo */ = {
			isa = PBXGroup;
			children = (
				52E875231DB5071900169C24 /* AppDelegate.h */,
				52E875241DB5071900169C24 /* AppDelegate.m */,
				52E875261DB5071900169C24 /* FirstViewController.h */,
				52E875271DB5071900169C24 /* FirstViewController.m */,
				52E875291DB5071900169C24 /* SecondViewController.h */,
				52E8752A1DB5071900169C24 /* SecondViewController.m */,
				52E8752C1DB5071900169C24 /* Main.storyboard */,
				52E8752F1DB5071900169C24 /* Assets.xcassets */,
				52E875311DB5071900169C24 /* LaunchScreen.storyboard */,
				52E875341DB5071900169C24 /* Info.plist */,
				52E875201DB5071900169C24 /* Supporting Files */,
			);
			path = FYHelperDemo;
			sourceTree = "<group>";
		};
		52E875201DB5071900169C24 /* Supporting Files */ = {
			isa = PBXGroup;
			children = (
				52E875211DB5071900169C24 /* main.m */,
			);
			name = "Supporting Files";
			sourceTree = "<group>";
		};
		52E8753C1DB5071900169C24 /* FYHelperDemoTests */ = {
			isa = PBXGroup;
			children = (
				52E8753D1DB5071900169C24 /* FYHelperDemoTests.m */,
				52E8753F1DB5071900169C24 /* Info.plist */,
			);
			path = FYHelperDemoTests;
			sourceTree = "<group>";
		};
		52E875471DB5071900169C24 /* FYHelperDemoUITests */ = {
			isa = PBXGroup;
			children = (
				52E875481DB5071900169C24 /* FYHelperDemoUITests.m */,
				52E8754A1DB5071900169C24 /* Info.plist */,
			);
			path = FYHelperDemoUITests;
			sourceTree = "<group>";
		};
/* End PBXGroup section */

/* Begin PBXNativeTarget section */
		52E8751C1DB5071900169C24 /* FYHelperDemo */ = {
			isa = PBXNativeTarget;
			buildConfigurationList = 52E8754D1DB5071900169C24 /* Build configuration list for PBXNativeTarget "FYHelperDemo" */;
			buildPhases = (
				52E875191DB5071900169C24 /* Sources */,
				52E8751A1DB5071900169C24 /* Frameworks */,
				52E8751B1DB5071900169C24 /* Resources */,
			);
			buildRules = (
			);
			dependencies = (
			);
			name = FYHelperDemo;
			productName = FYHelperDemo;
			productReference = 52E8751D1DB5071900169C24 /* FYHelperDemo.app */;
			productType = "com.apple.product-type.application";
		};
		52E875381DB5071900169C24 /* FYHelperDemoTests */ = {
			isa = PBXNativeTarget;
			buildConfigurationList = 52E875501DB5071900169C24 /* Build configuration list for PBXNativeTarget "FYHelperDemoTests" */;
			buildPhases = (
				52E875351DB5071900169C24 /* Sources */,
				52E875361DB5071900169C24 /* Frameworks */,
				52E875371DB5071900169C24 /* Resources */,
			);
			buildRules = (
			);
			dependencies = (
				52E8753B1DB5071900169C24 /* PBXTargetDependency */,
			);
			name = FYHelperDemoTests;
			productName = FYHelperDemoTests;
			productReference = 52E875391DB5071900169C24 /* FYHelperDemoTests.xctest */;
			productType = "com.apple.product-type.bundle.unit-test";
		};
		52E875431DB5071900169C24 /* FYHelperDemoUITests */ = {
			isa = PBXNativeTarget;
			buildConfigurationList = 52E875531DB5071900169C24 /* Build configuration list for PBXNativeTarget "FYHelperDemoUITests" */;
			buildPhases = (
				52E875401DB5071900169C24 /* Sources */,
				52E875411DB5071900169C24 /* Frameworks */,
				52E875421DB5071900169C24 /* Resources */,
			);
			buildRules = (
			);
			dependencies = (
				52E875461DB5071900169C24 /* PBXTargetDependency */,
			);
			name = FYHelperDemoUITests;
			productName = FYHelperDemoUITests;
			productReference = 52E875441DB5071900169C24 /* FYHelperDemoUITests.xctest */;
			productType = "com.apple.product-type.bundle.ui-testing";
		};
/* End PBXNativeTarget section */

/* Begin PBXProject section */
		52E875151DB5071900169C24 /* Project object */ = {
			isa = PBXProject;
			attributes = {
				LastUpgradeCheck = 0800;
				ORGANIZATIONNAME = buerguo;
				TargetAttributes = {
					52E8751C1DB5071900169C24 = {
						CreatedOnToolsVersion = 8.0;
						DevelopmentTeam = 9LA84498JK;
						ProvisioningStyle = Automatic;
					};
					52E875381DB5071900169C24 = {
						CreatedOnToolsVersion = 8.0;
						DevelopmentTeam = 9LA84498JK;
						ProvisioningStyle = Automatic;
						TestTargetID = 52E8751C1DB5071900169C24;
					};
					52E875431DB5071900169C24 = {
						CreatedOnToolsVersion = 8.0;
						DevelopmentTeam = 9LA84498JK;
						ProvisioningStyle = Automatic;
						TestTargetID = 52E8751C1DB5071900169C24;
					};
				};
			};
			buildConfigurationList = 52E875181DB5071900169C24 /* Build configuration list for PBXProject "FYHelperDemo" */;
			compatibilityVersion = "Xcode 3.2";
			developmentRegion = English;
			hasScannedForEncodings = 0;
			knownRegions = (
				en,
				Base,
			);
			mainGroup = 52E875141DB5071900169C24;
			productRefGroup = 52E8751E1DB5071900169C24 /* Products */;
			projectDirPath = "";
			projectRoot = "";
			targets = (
				52E8751C1DB5071900169C24 /* FYHelperDemo */,
				52E875381DB5071900169C24 /* FYHelperDemoTests */,
				52E875431DB5071900169C24 /* FYHelperDemoUITests */,
			);
		};
/* End PBXProject section */

/* Begin PBXResourcesBuildPhase section */
		52E8751B1DB5071900169C24 /* Resources */ = {
			isa = PBXResourcesBuildPhase;
			buildActionMask = 2147483647;
			files = (
				52E875331DB5071900169C24 /* LaunchScreen.storyboard in Resources */,
				52E875301DB5071900169C24 /* Assets.xcassets in Resources */,
				52E8752E1DB5071900169C24 /* Main.storyboard in Resources */,
			);
			runOnlyForDeploymentPostprocessing = 0;
		};
		52E875371DB5071900169C24 /* Resources */ = {
			isa = PBXResourcesBuildPhase;
			buildActionMask = 2147483647;
			files = (
			);
			runOnlyForDeploymentPostprocessing = 0;
		};
		52E875421DB5071900169C24 /* Resources */ = {
			isa = PBXResourcesBuildPhase;
			buildActionMask = 2147483647;
			files = (
			);
			runOnlyForDeploymentPostprocessing = 0;
		};
/* End PBXResourcesBuildPhase section */

/* Begin PBXSourcesBuildPhase section */
		52E875191DB5071900169C24 /* Sources */ = {
			isa = PBXSourcesBuildPhase;
			buildActionMask = 2147483647;
			files = (
				52E8752B1DB5071900169C24 /* SecondViewController.m in Sources */,
				521939731DB8F488009503A1 /* NSString+Addition.m in Sources */,
				5219398B1DB8F488009503A1 /* FYViewController.m in Sources */,
				521939771DB8F488009503A1 /* UIImage+Addition.m in Sources */,
				52E875251DB5071900169C24 /* AppDelegate.m in Sources */,
				521939711DB8F488009503A1 /* NSDate+Addition.m in Sources */,
				52E875281DB5071900169C24 /* FirstViewController.m in Sources */,
				5219397D1DB8F488009503A1 /* UIView+Animation.m in Sources */,
				52E875221DB5071900169C24 /* main.m in Sources */,
				521939851DB8F488009503A1 /* FYLocationUtil.m in Sources */,
				521939701DB8F488009503A1 /* NSData+Addition.m in Sources */,
				521939821DB8F488009503A1 /* FYAppInfo.m in Sources */,
				521939791DB8F488009503A1 /* UINavigationController+FY.m in Sources */,
				5219397A1DB8F488009503A1 /* UINavigationItem+Addition.m in Sources */,
				521939811DB8F488009503A1 /* FYTextField.m in Sources */,
				5219397F1DB8F488009503A1 /* UIView+Layer.m in Sources */,
				521939721DB8F488009503A1 /* NSFileManager+Addition.m in Sources */,
				5219397B1DB8F488009503A1 /* UITextField+LimitLength.m in Sources */,
				521939861DB8F488009503A1 /* FYOtherUtil.m in Sources */,
				521939881DB8F488009503A1 /* FYNavigationController.m in Sources */,
				521939831DB8F488009503A1 /* FYDeviceInfo.m in Sources */,
				521939781DB8F488009503A1 /* UILabel+Addition.m in Sources */,
				521939841DB8F488009503A1 /* FYFileUtil.m in Sources */,
				5219397C1DB8F488009503A1 /* UIView+Addition.m in Sources */,
				521939801DB8F488009503A1 /* FYMacroDefinition.m in Sources */,
				521939751DB8F488009503A1 /* UIColor+FY.m in Sources */,
				5219396F1DB8F488009503A1 /* NSArray+FY.m in Sources */,
				521939741DB8F488009503A1 /* UIAlertView+Addition.m in Sources */,
				5BF2C56AC11D0612E907FEB3 /* NSDictionary+FY.m in Sources */,
			);
			runOnlyForDeploymentPostprocessing = 0;
		};
		52E875351DB5071900169C24 /* Sources */ = {
			isa = PBXSourcesBuildPhase;
			buildActionMask = 2147483647;
			files = (
				52E8753E1DB5071900169C24 /* FYHelperDemoTests.m in Sources */,
			);
			runOnlyForDeploymentPostprocessing = 0;
		};
		52E875401DB5071900169C24 /* Sources */ = {
			isa = PBXSourcesBuildPhase;
			buildActionMask = 2147483647;
			files = (
				52E875491DB5071900169C24 /* FYHelperDemoUITests.m in Sources */,
			);
			runOnlyForDeploymentPostprocessing = 0;
		};
/* End PBXSourcesBuildPhase section */

/* Begin PBXTargetDependency section */
		52E8753B1DB5071900169C24 /* PBXTargetDependency */ = {
			isa = PBXTargetDependency;
			target = 52E8751C1DB5071900169C24 /* FYHelperDemo */;
			targetProxy = 52E8753A1DB5071900169C24 /* PBXContainerItemProxy */;
		};
		52E875461DB5071900169C24 /* PBXTargetDependency */ = {
			isa = PBXTargetDependency;
			target = 52E8751C1DB5071900169C24 /* FYHelperDemo */;
			targetProxy = 52E875451DB5071900169C24 /* PBXContainerItemProxy */;
		};
/* End PBXTargetDependency section */

/* Begin PBXVariantGroup section */
		52E8752C1DB5071900169C24 /* Main.storyboard */ = {
			isa = PBXVariantGroup;
			children = (
				52E8752D1DB5071900169C24 /* Base */,
			);
			name = Main.storyboard;
			sourceTree = "<group>";
		};
		52E875311DB5071900169C24 /* LaunchScreen.storyboard */ = {
			isa = PBXVariantGroup;
			children = (
				52E875321DB5071900169C24 /* Base */,
			);
			name = LaunchScreen.storyboard;
			sourceTree = "<group>";
		};
/* End PBXVariantGroup section */

/* Begin XCBuildConfiguration section */
		52E8754B1DB5071900169C24 /* Debug */ = {
			isa = XCBuildConfiguration;
			buildSettings = {
				ALWAYS_SEARCH_USER_PATHS = NO;
				CLANG_ANALYZER_NONNULL = YES;
				CLANG_CXX_LANGUAGE_STANDARD = "gnu++0x";
				CLANG_CXX_LIBRARY = "libc++";
				CLANG_ENABLE_MODULES = YES;
				CLANG_ENABLE_OBJC_ARC = YES;
				CLANG_WARN_BOOL_CONVERSION = YES;
				CLANG_WARN_CONSTANT_CONVERSION = YES;
				CLANG_WARN_DIRECT_OBJC_ISA_USAGE = YES_ERROR;
				CLANG_WARN_DOCUMENTATION_COMMENTS = YES;
				CLANG_WARN_EMPTY_BODY = YES;
				CLANG_WARN_ENUM_CONVERSION = YES;
				CLANG_WARN_INFINITE_RECURSION = YES;
				CLANG_WARN_INT_CONVERSION = YES;
				CLANG_WARN_OBJC_ROOT_CLASS = YES_ERROR;
				CLANG_WARN_SUSPICIOUS_MOVES = YES;
				CLANG_WARN_UNREACHABLE_CODE = YES;
				CLANG_WARN__DUPLICATE_METHOD_MATCH = YES;
				"CODE_SIGN_IDENTITY[sdk=iphoneos*]" = "iPhone Developer";
				COPY_PHASE_STRIP = NO;
				DEBUG_INFORMATION_FORMAT = dwarf;
				ENABLE_STRICT_OBJC_MSGSEND = YES;
				ENABLE_TESTABILITY = YES;
				GCC_C_LANGUAGE_STANDARD = gnu99;
				GCC_DYNAMIC_NO_PIC = NO;
				GCC_NO_COMMON_BLOCKS = YES;
				GCC_OPTIMIZATION_LEVEL = 0;
				GCC_PREPROCESSOR_DEFINITIONS = (
					"DEBUG=1",
					"$(inherited)",
				);
				GCC_WARN_64_TO_32_BIT_CONVERSION = YES;
				GCC_WARN_ABOUT_RETURN_TYPE = YES_ERROR;
				GCC_WARN_UNDECLARED_SELECTOR = YES;
				GCC_WARN_UNINITIALIZED_AUTOS = YES_AGGRESSIVE;
				GCC_WARN_UNUSED_FUNCTION = YES;
				GCC_WARN_UNUSED_VARIABLE = YES;
				IPHONEOS_DEPLOYMENT_TARGET = 10.0;
				MTL_ENABLE_DEBUG_INFO = YES;
				ONLY_ACTIVE_ARCH = YES;
				SDKROOT = iphoneos;
			};
			name = Debug;
		};
		52E8754C1DB5071900169C24 /* Release */ = {
			isa = XCBuildConfiguration;
			buildSettings = {
				ALWAYS_SEARCH_USER_PATHS = NO;
				CLANG_ANALYZER_NONNULL = YES;
				CLANG_CXX_LANGUAGE_STANDARD = "gnu++0x";
				CLANG_CXX_LIBRARY = "libc++";
				CLANG_ENABLE_MODULES = YES;
				CLANG_ENABLE_OBJC_ARC = YES;
				CLANG_WARN_BOOL_CONVERSION = YES;
				CLANG_WARN_CONSTANT_CONVERSION = YES;
				CLANG_WARN_DIRECT_OBJC_ISA_USAGE = YES_ERROR;
				CLANG_WARN_DOCUMENTATION_COMMENTS = YES;
				CLANG_WARN_EMPTY_BODY = YES;
				CLANG_WARN_ENUM_CONVERSION = YES;
				CLANG_WARN_INFINITE_RECURSION = YES;
				CLANG_WARN_INT_CONVERSION = YES;
				CLANG_WARN_OBJC_ROOT_CLASS = YES_ERROR;
				CLANG_WARN_SUSPICIOUS_MOVES = YES;
				CLANG_WARN_UNREACHABLE_CODE = YES;
				CLANG_WARN__DUPLICATE_METHOD_MATCH = YES;
				"CODE_SIGN_IDENTITY[sdk=iphoneos*]" = "iPhone Developer";
				COPY_PHASE_STRIP = NO;
				DEBUG_INFORMATION_FORMAT = "dwarf-with-dsym";
				ENABLE_NS_ASSERTIONS = NO;
				ENABLE_STRICT_OBJC_MSGSEND = YES;
				GCC_C_LANGUAGE_STANDARD = gnu99;
				GCC_NO_COMMON_BLOCKS = YES;
				GCC_WARN_64_TO_32_BIT_CONVERSION = YES;
				GCC_WARN_ABOUT_RETURN_TYPE = YES_ERROR;
				GCC_WARN_UNDECLARED_SELECTOR = YES;
				GCC_WARN_UNINITIALIZED_AUTOS = YES_AGGRESSIVE;
				GCC_WARN_UNUSED_FUNCTION = YES;
				GCC_WARN_UNUSED_VARIABLE = YES;
				IPHONEOS_DEPLOYMENT_TARGET = 10.0;
				MTL_ENABLE_DEBUG_INFO = NO;
				SDKROOT = iphoneos;
				VALIDATE_PRODUCT = YES;
			};
			name = Release;
		};
		52E8754E1DB5071900169C24 /* Debug */ = {
			isa = XCBuildConfiguration;
			buildSettings = {
				ASSETCATALOG_COMPILER_APPICON_NAME = AppIcon;
				DEVELOPMENT_TEAM = 9LA84498JK;
				INFOPLIST_FILE = FYHelperDemo/Info.plist;
				LD_RUNPATH_SEARCH_PATHS = "$(inherited) @executable_path/Frameworks";
				PRODUCT_BUNDLE_IDENTIFIER = com.buerguo.FYHelperDemo;
				PRODUCT_NAME = "$(TARGET_NAME)";
			};
			name = Debug;
		};
		52E8754F1DB5071900169C24 /* Release */ = {
			isa = XCBuildConfiguration;
			buildSettings = {
				ASSETCATALOG_COMPILER_APPICON_NAME = AppIcon;
				DEVELOPMENT_TEAM = 9LA84498JK;
				INFOPLIST_FILE = FYHelperDemo/Info.plist;
				LD_RUNPATH_SEARCH_PATHS = "$(inherited) @executable_path/Frameworks";
				PRODUCT_BUNDLE_IDENTIFIER = com.buerguo.FYHelperDemo;
				PRODUCT_NAME = "$(TARGET_NAME)";
			};
			name = Release;
		};
		52E875511DB5071900169C24 /* Debug */ = {
			isa = XCBuildConfiguration;
			buildSettings = {
				BUNDLE_LOADER = "$(TEST_HOST)";
				DEVELOPMENT_TEAM = 9LA84498JK;
				INFOPLIST_FILE = FYHelperDemoTests/Info.plist;
				LD_RUNPATH_SEARCH_PATHS = "$(inherited) @executable_path/Frameworks @loader_path/Frameworks";
				PRODUCT_BUNDLE_IDENTIFIER = com.buerguo.FYHelperDemoTests;
				PRODUCT_NAME = "$(TARGET_NAME)";
				TEST_HOST = "$(BUILT_PRODUCTS_DIR)/FYHelperDemo.app/FYHelperDemo";
			};
			name = Debug;
		};
		52E875521DB5071900169C24 /* Release */ = {
			isa = XCBuildConfiguration;
			buildSettings = {
				BUNDLE_LOADER = "$(TEST_HOST)";
				DEVELOPMENT_TEAM = 9LA84498JK;
				INFOPLIST_FILE = FYHelperDemoTests/Info.plist;
				LD_RUNPATH_SEARCH_PATHS = "$(inherited) @executable_path/Frameworks @loader_path/Frameworks";
				PRODUCT_BUNDLE_IDENTIFIER = com.buerguo.FYHelperDemoTests;
				PRODUCT_NAME = "$(TARGET_NAME)";
				TEST_HOST = "$(BUILT_PRODUCTS_DIR)/FYHelperDemo.app/FYHelperDemo";
			};
			name = Release;
		};
		52E875541DB5071900169C24 /* Debug */ = {
			isa = XCBuildConfiguration;
			buildSettings = {
				DEVELOPMENT_TEAM = 9LA84498JK;
				INFOPLIST_FILE = FYHelperDemoUITests/Info.plist;
				LD_RUNPATH_SEARCH_PATHS = "$(inherited) @executable_path/Frameworks @loader_path/Frameworks";
				PRODUCT_BUNDLE_IDENTIFIER = com.buerguo.FYHelperDemoUITests;
				PRODUCT_NAME = "$(TARGET_NAME)";
				TEST_TARGET_NAME = FYHelperDemo;
			};
			name = Debug;
		};
		52E875551DB5071900169C24 /* Release */ = {
			isa = XCBuildConfiguration;
			buildSettings = {
				DEVELOPMENT_TEAM = 9LA84498JK;
				INFOPLIST_FILE = FYHelperDemoUITests/Info.plist;
				LD_RUNPATH_SEARCH_PATHS = "$(inherited) @executable_path/Frameworks @loader_path/Frameworks";
				PRODUCT_BUNDLE_IDENTIFIER = com.buerguo.FYHelperDemoUITests;
				PRODUCT_NAME = "$(TARGET_NAME)";
				TEST_TARGET_NAME = FYHelperDemo;
			};
			name = Release;
		};
/* End XCBuildConfiguration section */

/* Begin XCConfigurationList section */
		52E875181DB5071900169C24 /* Build configuration list for PBXProject "FYHelperDemo" */ = {
			isa = XCConfigurationList;
			buildConfigurations = (
				52E8754B1DB5071900169C24 /* Debug */,
				52E8754C1DB5071900169C24 /* Release */,
			);
			defaultConfigurationIsVisible = 0;
			defaultConfigurationName = Release;
		};
		52E8754D1DB5071900169C24 /* Build configuration list for PBXNativeTarget "FYHelperDemo" */ = {
			isa = XCConfigurationList;
			buildConfigurations = (
				52E8754E1DB5071900169C24 /* Debug */,
				52E8754F1DB5071900169C24 /* Release */,
			);
			defaultConfigurationIsVisible = 0;
			defaultConfigurationName = Release;
		};
		52E875501DB5071900169C24 /* Build configuration list for PBXNativeTarget "FYHelperDemoTests" */ = {
			isa = XCConfigurationList;
			buildConfigurations = (
				52E875511DB5071900169C24 /* Debug */,
				52E875521DB5071900169C24 /* Release */,
			);
			defaultConfigurationIsVisible = 0;
			defaultConfigurationName = Release;
		};
		52E875531DB5071900169C24 /* Build configuration list for PBXNativeTarget "FYHelperDemoUITests" */ = {
			isa = XCConfigurationList;
			buildConfigurations = (
				52E875541DB5071900169C24 /* Debug */,
				52E875551DB5071900169C24 /* Release */,
			);
			defaultConfigurationIsVisible = 0;
			defaultConfigurationName = Release;
		};
/* End XCConfigurationList section */
	};
	rootObject = 52E875151DB5071900169C24 /* Project object */;
}
