// !$*UTF8*$!
{
	archiveVersion = 1;
	classes = {
	};
	objectVersion = 46;
	objects = {

/* Begin PBXBuildFile section */
		52E875221DB5071900169C24 /* main.m in Sources */ = {isa = PBXBuildFile; fileRef = 52E875211DB5071900169C24 /* main.m */; };
		52E875251DB5071900169C24 /* AppDelegate.m in Sources */ = {isa = PBXBuildFile; fileRef = 52E875241DB5071900169C24 /* AppDelegate.m */; };
		52E875281DB5071900169C24 /* FirstViewController.m in Sources */ = {isa = PBXBuildFile; fileRef = 52E875271DB5071900169C24 /* FirstViewController.m */; };
		52E8752B1DB5071900169C24 /* SecondViewController.m in Sources */ = {isa = PBXBuildFile; fileRef = 52E8752A1DB5071900169C24 /* SecondViewController.m */; };
		52E8752E1DB5071900169C24 /* Main.storyboard in Resources */ = {isa = PBXBuildFile; fileRef = 52E8752C1DB5071900169C24 /* Main.storyboard */; };
		52E875301DB5071900169C24 /* Assets.xcassets in Resources */ = {isa = PBXBuildFile; fileRef = 52E8752F1DB5071900169C24 /* Assets.xcassets */; };
		52E875331DB5071900169C24 /* LaunchScreen.storyboard in Resources */ = {isa = PBXBuildFile; fileRef = 52E875311DB5071900169C24 /* LaunchScreen.storyboard */; };
		52E8753E1DB5071900169C24 /* FYHelperDemoTests.m in Sources */ = {isa = PBXBuildFile; fileRef = 52E8753D1DB5071900169C24 /* FYHelperDemoTests.m */; };
		52E875491DB5071900169C24 /* FYHelperDemoUITests.m in Sources */ = {isa = PBXBuildFile; fileRef = 52E875481DB5071900169C24 /* FYHelperDemoUITests.m */; };
		52E876311DB5215C00169C24 /* NSArray+Addition.m in Sources */ = {isa = PBXBuildFile; fileRef = 52E876071DB5215C00169C24 /* NSArray+Addition.m */; };
		52E876321DB5215C00169C24 /* NSData+Addition.m in Sources */ = {isa = PBXBuildFile; fileRef = 52E876091DB5215C00169C24 /* NSData+Addition.m */; };
		52E876331DB5215C00169C24 /* NSDate+Addition.m in Sources */ = {isa = PBXBuildFile; fileRef = 52E8760B1DB5215C00169C24 /* NSDate+Addition.m */; };
		52E876341DB5215C00169C24 /* NSFileManager+Addition.m in Sources */ = {isa = PBXBuildFile; fileRef = 52E8760D1DB5215C00169C24 /* NSFileManager+Addition.m */; };
		52E876351DB5215C00169C24 /* NSString+Addition.m in Sources */ = {isa = PBXBuildFile; fileRef = 52E8760F1DB5215C00169C24 /* NSString+Addition.m */; };
		52E876361DB5215C00169C24 /* UIAlertView+Addition.m in Sources */ = {isa = PBXBuildFile; fileRef = 52E876111DB5215C00169C24 /* UIAlertView+Addition.m */; };
		52E876371DB5215C00169C24 /* UIColor+Addition.m in Sources */ = {isa = PBXBuildFile; fileRef = 52E876131DB5215C00169C24 /* UIColor+Addition.m */; };
		52E876381DB5215C00169C24 /* UIColor+Colours.m in Sources */ = {isa = PBXBuildFile; fileRef = 52E876151DB5215C00169C24 /* UIColor+Colours.m */; };
		52E876391DB5215C00169C24 /* UIDevice+DeviceInfo.m in Sources */ = {isa = PBXBuildFile; fileRef = 52E876171DB5215C00169C24 /* UIDevice+DeviceInfo.m */; };
		52E8763A1DB5215C00169C24 /* UIImage+Addition.m in Sources */ = {isa = PBXBuildFile; fileRef = 52E876191DB5215C00169C24 /* UIImage+Addition.m */; };
		52E8763B1DB5215C00169C24 /* UILabel+Addition.m in Sources */ = {isa = PBXBuildFile; fileRef = 52E8761B1DB5215C00169C24 /* UILabel+Addition.m */; };
		52E8763C1DB5215C00169C24 /* UINavigationController+Addition.m in Sources */ = {isa = PBXBuildFile; fileRef = 52E8761D1DB5215C00169C24 /* UINavigationController+Addition.m */; };
		52E8763D1DB5215C00169C24 /* UINavigationItem+Addition.m in Sources */ = {isa = PBXBuildFile; fileRef = 52E8761F1DB5215C00169C24 /* UINavigationItem+Addition.m */; };
		52E8763F1DB5215C00169C24 /* UITextField+LimitLength.m in Sources */ = {isa = PBXBuildFile; fileRef = 52E876231DB5215C00169C24 /* UITextField+LimitLength.m */; };
		52E876401DB5215C00169C24 /* UIView+Addition.m in Sources */ = {isa = PBXBuildFile; fileRef = 52E876251DB5215C00169C24 /* UIView+Addition.m */; };
		52E876411DB5215C00169C24 /* UIView+Animation.m in Sources */ = {isa = PBXBuildFile; fileRef = 52E876271DB5215C00169C24 /* UIView+Animation.m */; };
		52E876421DB5215C00169C24 /* UIView+Frame.m in Sources */ = {isa = PBXBuildFile; fileRef = 52E876291DB5215C00169C24 /* UIView+Frame.m */; };
		52E876431DB5215C00169C24 /* UIView+Layer.m in Sources */ = {isa = PBXBuildFile; fileRef = 52E8762B1DB5215C00169C24 /* UIView+Layer.m */; };
		52E876451DB5215C00169C24 /* YITextField.m in Sources */ = {isa = PBXBuildFile; fileRef = 52E876301DB5215C00169C24 /* YITextField.m */; };
/* End PBXBuildFile section */

/* Begin PBXContainerItemProxy section */
		52E8753A1DB5071900169C24 /* PBXContainerItemProxy */ = {
			isa = PBXContainerItemProxy;
			containerPortal = 52E875151DB5071900169C24 /* Project object */;
			proxyType = 1;
			remoteGlobalIDString = 52E8751C1DB5071900169C24;
			remoteInfo = FYHelperDemo;
		};
		52E875451DB5071900169C24 /* PBXContainerItemProxy */ = {
			isa = PBXContainerItemProxy;
			containerPortal = 52E875151DB5071900169C24 /* Project object */;
			proxyType = 1;
			remoteGlobalIDString = 52E8751C1DB5071900169C24;
			remoteInfo = FYHelperDemo;
		};
/* End PBXContainerItemProxy section */

/* Begin PBXFileReference section */
		52E8751D1DB5071900169C24 /* FYHelperDemo.app */ = {isa = PBXFileReference; explicitFileType = wrapper.application; includeInIndex = 0; path = FYHelperDemo.app; sourceTree = BUILT_PRODUCTS_DIR; };
		52E875211DB5071900169C24 /* main.m */ = {isa = PBXFileReference; lastKnownFileType = sourcecode.c.objc; path = main.m; sourceTree = "<group>"; };
		52E875231DB5071900169C24 /* AppDelegate.h */ = {isa = PBXFileReference; lastKnownFileType = sourcecode.c.h; path = AppDelegate.h; sourceTree = "<group>"; };
		52E875241DB5071900169C24 /* AppDelegate.m */ = {isa = PBXFileReference; lastKnownFileType = sourcecode.c.objc; path = AppDelegate.m; sourceTree = "<group>"; };
		52E875261DB5071900169C24 /* FirstViewController.h */ = {isa = PBXFileReference; lastKnownFileType = sourcecode.c.h; path = FirstViewController.h; sourceTree = "<group>"; };
		52E875271DB5071900169C24 /* FirstViewController.m */ = {isa = PBXFileReference; lastKnownFileType = sourcecode.c.objc; path = FirstViewController.m; sourceTree = "<group>"; };
		52E875291DB5071900169C24 /* SecondViewController.h */ = {isa = PBXFileReference; lastKnownFileType = sourcecode.c.h; path = SecondViewController.h; sourceTree = "<group>"; };
		52E8752A1DB5071900169C24 /* SecondViewController.m */ = {isa = PBXFileReference; lastKnownFileType = sourcecode.c.objc; path = SecondViewController.m; sourceTree = "<group>"; };
		52E8752D1DB5071900169C24 /* Base */ = {isa = PBXFileReference; lastKnownFileType = file.storyboard; name = Base; path = Base.lproj/Main.storyboard; sourceTree = "<group>"; };
		52E8752F1DB5071900169C24 /* Assets.xcassets */ = {isa = PBXFileReference; lastKnownFileType = folder.assetcatalog; path = Assets.xcassets; sourceTree = "<group>"; };
		52E875321DB5071900169C24 /* Base */ = {isa = PBXFileReference; lastKnownFileType = file.storyboard; name = Base; path = Base.lproj/LaunchScreen.storyboard; sourceTree = "<group>"; };
		52E875341DB5071900169C24 /* Info.plist */ = {isa = PBXFileReference; lastKnownFileType = text.plist.xml; path = Info.plist; sourceTree = "<group>"; };
		52E875391DB5071900169C24 /* FYHelperDemoTests.xctest */ = {isa = PBXFileReference; explicitFileType = wrapper.cfbundle; includeInIndex = 0; path = FYHelperDemoTests.xctest; sourceTree = BUILT_PRODUCTS_DIR; };
		52E8753D1DB5071900169C24 /* FYHelperDemoTests.m */ = {isa = PBXFileReference; lastKnownFileType = sourcecode.c.objc; path = FYHelperDemoTests.m; sourceTree = "<group>"; };
		52E8753F1DB5071900169C24 /* Info.plist */ = {isa = PBXFileReference; lastKnownFileType = text.plist.xml; path = Info.plist; sourceTree = "<group>"; };
		52E875441DB5071900169C24 /* FYHelperDemoUITests.xctest */ = {isa = PBXFileReference; explicitFileType = wrapper.cfbundle; includeInIndex = 0; path = FYHelperDemoUITests.xctest; sourceTree = BUILT_PRODUCTS_DIR; };
		52E875481DB5071900169C24 /* FYHelperDemoUITests.m */ = {isa = PBXFileReference; lastKnownFileType = sourcecode.c.objc; path = FYHelperDemoUITests.m; sourceTree = "<group>"; };
		52E8754A1DB5071900169C24 /* Info.plist */ = {isa = PBXFileReference; lastKnownFileType = text.plist.xml; path = Info.plist; sourceTree = "<group>"; };
		52E876051DB5215C00169C24 /* CategoryUtils.h */ = {isa = PBXFileReference; fileEncoding = 4; lastKnownFileType = sourcecode.c.h; path = CategoryUtils.h; sourceTree = "<group>"; };
		52E876061DB5215C00169C24 /* NSArray+Addition.h */ = {isa = PBXFileReference; fileEncoding = 4; lastKnownFileType = sourcecode.c.h; path = "NSArray+Addition.h"; sourceTree = "<group>"; };
		52E876071DB5215C00169C24 /* NSArray+Addition.m */ = {isa = PBXFileReference; fileEncoding = 4; lastKnownFileType = sourcecode.c.objc; path = "NSArray+Addition.m"; sourceTree = "<group>"; };
		52E876081DB5215C00169C24 /* NSData+Addition.h */ = {isa = PBXFileReference; fileEncoding = 4; lastKnownFileType = sourcecode.c.h; path = "NSData+Addition.h"; sourceTree = "<group>"; };
		52E876091DB5215C00169C24 /* NSData+Addition.m */ = {isa = PBXFileReference; fileEncoding = 4; lastKnownFileType = sourcecode.c.objc; path = "NSData+Addition.m"; sourceTree = "<group>"; };
		52E8760A1DB5215C00169C24 /* NSDate+Addition.h */ = {isa = PBXFileReference; fileEncoding = 4; lastKnownFileType = sourcecode.c.h; path = "NSDate+Addition.h"; sourceTree = "<group>"; };
		52E8760B1DB5215C00169C24 /* NSDate+Addition.m */ = {isa = PBXFileReference; fileEncoding = 4; lastKnownFileType = sourcecode.c.objc; path = "NSDate+Addition.m"; sourceTree = "<group>"; };
		52E8760C1DB5215C00169C24 /* NSFileManager+Addition.h */ = {isa = PBXFileReference; fileEncoding = 4; lastKnownFileType = sourcecode.c.h; path = "NSFileManager+Addition.h"; sourceTree = "<group>"; };
		52E8760D1DB5215C00169C24 /* NSFileManager+Addition.m */ = {isa = PBXFileReference; fileEncoding = 4; lastKnownFileType = sourcecode.c.objc; path = "NSFileManager+Addition.m"; sourceTree = "<group>"; };
		52E8760E1DB5215C00169C24 /* NSString+Addition.h */ = {isa = PBXFileReference; fileEncoding = 4; lastKnownFileType = sourcecode.c.h; path = "NSString+Addition.h"; sourceTree = "<group>"; };
		52E8760F1DB5215C00169C24 /* NSString+Addition.m */ = {isa = PBXFileReference; fileEncoding = 4; lastKnownFileType = sourcecode.c.objc; path = "NSString+Addition.m"; sourceTree = "<group>"; };
		52E876101DB5215C00169C24 /* UIAlertView+Addition.h */ = {isa = PBXFileReference; fileEncoding = 4; lastKnownFileType = sourcecode.c.h; path = "UIAlertView+Addition.h"; sourceTree = "<group>"; };
		52E876111DB5215C00169C24 /* UIAlertView+Addition.m */ = {isa = PBXFileReference; fileEncoding = 4; lastKnownFileType = sourcecode.c.objc; path = "UIAlertView+Addition.m"; sourceTree = "<group>"; };
		52E876121DB5215C00169C24 /* UIColor+Addition.h */ = {isa = PBXFileReference; fileEncoding = 4; lastKnownFileType = sourcecode.c.h; path = "UIColor+Addition.h"; sourceTree = "<group>"; };
		52E876131DB5215C00169C24 /* UIColor+Addition.m */ = {isa = PBXFileReference; fileEncoding = 4; lastKnownFileType = sourcecode.c.objc; path = "UIColor+Addition.m"; sourceTree = "<group>"; };
		52E876141DB5215C00169C24 /* UIColor+Colours.h */ = {isa = PBXFileReference; fileEncoding = 4; lastKnownFileType = sourcecode.c.h; path = "UIColor+Colours.h"; sourceTree = "<group>"; };
		52E876151DB5215C00169C24 /* UIColor+Colours.m */ = {isa = PBXFileReference; fileEncoding = 4; lastKnownFileType = sourcecode.c.objc; path = "UIColor+Colours.m"; sourceTree = "<group>"; };
		52E876161DB5215C00169C24 /* UIDevice+DeviceInfo.h */ = {isa = PBXFileReference; fileEncoding = 4; lastKnownFileType = sourcecode.c.h; path = "UIDevice+DeviceInfo.h"; sourceTree = "<group>"; };
		52E876171DB5215C00169C24 /* UIDevice+DeviceInfo.m */ = {isa = PBXFileReference; fileEncoding = 4; lastKnownFileType = sourcecode.c.objc; path = "UIDevice+DeviceInfo.m"; sourceTree = "<group>"; };
		52E876181DB5215C00169C24 /* UIImage+Addition.h */ = {isa = PBXFileReference; fileEncoding = 4; lastKnownFileType = sourcecode.c.h; path = "UIImage+Addition.h"; sourceTree = "<group>"; };
		52E876191DB5215C00169C24 /* UIImage+Addition.m */ = {isa = PBXFileReference; fileEncoding = 4; lastKnownFileType = sourcecode.c.objc; path = "UIImage+Addition.m"; sourceTree = "<group>"; };
		52E8761A1DB5215C00169C24 /* UILabel+Addition.h */ = {isa = PBXFileReference; fileEncoding = 4; lastKnownFileType = sourcecode.c.h; path = "UILabel+Addition.h"; sourceTree = "<group>"; };
		52E8761B1DB5215C00169C24 /* UILabel+Addition.m */ = {isa = PBXFileReference; fileEncoding = 4; lastKnownFileType = sourcecode.c.objc; path = "UILabel+Addition.m"; sourceTree = "<group>"; };
		52E8761C1DB5215C00169C24 /* UINavigationController+Addition.h */ = {isa = PBXFileReference; fileEncoding = 4; lastKnownFileType = sourcecode.c.h; path = "UINavigationController+Addition.h"; sourceTree = "<group>"; };
		52E8761D1DB5215C00169C24 /* UINavigationController+Addition.m */ = {isa = PBXFileReference; fileEncoding = 4; lastKnownFileType = sourcecode.c.objc; path = "UINavigationController+Addition.m"; sourceTree = "<group>"; };
		52E8761E1DB5215C00169C24 /* UINavigationItem+Addition.h */ = {isa = PBXFileReference; fileEncoding = 4; lastKnownFileType = sourcecode.c.h; path = "UINavigationItem+Addition.h"; sourceTree = "<group>"; };
		52E8761F1DB5215C00169C24 /* UINavigationItem+Addition.m */ = {isa = PBXFileReference; fileEncoding = 4; lastKnownFileType = sourcecode.c.objc; path = "UINavigationItem+Addition.m"; sourceTree = "<group>"; };
		52E876221DB5215C00169C24 /* UITextField+LimitLength.h */ = {isa = PBXFileReference; fileEncoding = 4; lastKnownFileType = sourcecode.c.h; path = "UITextField+LimitLength.h"; sourceTree = "<group>"; };
		52E876231DB5215C00169C24 /* UITextField+LimitLength.m */ = {isa = PBXFileReference; fileEncoding = 4; lastKnownFileType = sourcecode.c.objc; path = "UITextField+LimitLength.m"; sourceTree = "<group>"; };
		52E876241DB5215C00169C24 /* UIView+Addition.h */ = {isa = PBXFileReference; fileEncoding = 4; lastKnownFileType = sourcecode.c.h; path = "UIView+Addition.h"; sourceTree = "<group>"; };
		52E876251DB5215C00169C24 /* UIView+Addition.m */ = {isa = PBXFileReference; fileEncoding = 4; lastKnownFileType = sourcecode.c.objc; path = "UIView+Addition.m"; sourceTree = "<group>"; };
		52E876261DB5215C00169C24 /* UIView+Animation.h */ = {isa = PBXFileReference; fileEncoding = 4; lastKnownFileType = sourcecode.c.h; path = "UIView+Animation.h"; sourceTree = "<group>"; };
		52E876271DB5215C00169C24 /* UIView+Animation.m */ = {isa = PBXFileReference; fileEncoding = 4; lastKnownFileType = sourcecode.c.objc; path = "UIView+Animation.m"; sourceTree = "<group>"; };
		52E876281DB5215C00169C24 /* UIView+Frame.h */ = {isa = PBXFileReference; fileEncoding = 4; lastKnownFileType = sourcecode.c.h; path = "UIView+Frame.h"; sourceTree = "<group>"; };
		52E876291DB5215C00169C24 /* UIView+Frame.m */ = {isa = PBXFileReference; fileEncoding = 4; lastKnownFileType = sourcecode.c.objc; path = "UIView+Frame.m"; sourceTree = "<group>"; };
		52E8762A1DB5215C00169C24 /* UIView+Layer.h */ = {isa = PBXFileReference; fileEncoding = 4; lastKnownFileType = sourcecode.c.h; path = "UIView+Layer.h"; sourceTree = "<group>"; };
		52E8762B1DB5215C00169C24 /* UIView+Layer.m */ = {isa = PBXFileReference; fileEncoding = 4; lastKnownFileType = sourcecode.c.objc; path = "UIView+Layer.m"; sourceTree = "<group>"; };
		52E8762F1DB5215C00169C24 /* YITextField.h */ = {isa = PBXFileReference; fileEncoding = 4; lastKnownFileType = sourcecode.c.h; path = YITextField.h; sourceTree = "<group>"; };
		52E876301DB5215C00169C24 /* YITextField.m */ = {isa = PBXFileReference; fileEncoding = 4; lastKnownFileType = sourcecode.c.objc; path = YITextField.m; sourceTree = "<group>"; };
		52E876461DB5217C00169C24 /* FYHelper.h */ = {isa = PBXFileReference; lastKnownFileType = sourcecode.c.h; path = FYHelper.h; sourceTree = "<group>"; };
/* End PBXFileReference section */

/* Begin PBXFrameworksBuildPhase section */
		52E8751A1DB5071900169C24 /* Frameworks */ = {
			isa = PBXFrameworksBuildPhase;
			buildActionMask = 2147483647;
			files = (
			);
			runOnlyForDeploymentPostprocessing = 0;
		};
		52E875361DB5071900169C24 /* Frameworks */ = {
			isa = PBXFrameworksBuildPhase;
			buildActionMask = 2147483647;
			files = (
			);
			runOnlyForDeploymentPostprocessing = 0;
		};
		52E875411DB5071900169C24 /* Frameworks */ = {
			isa = PBXFrameworksBuildPhase;
			buildActionMask = 2147483647;
			files = (
			);
			runOnlyForDeploymentPostprocessing = 0;
		};
/* End PBXFrameworksBuildPhase section */

/* Begin PBXGroup section */
		52E875141DB5071900169C24 = {
			isa = PBXGroup;
			children = (
				52E876031DB5215C00169C24 /* FYHelper */,
				52E8751F1DB5071900169C24 /* FYHelperDemo */,
				52E8753C1DB5071900169C24 /* FYHelperDemoTests */,
				52E875471DB5071900169C24 /* FYHelperDemoUITests */,
				52E8751E1DB5071900169C24 /* Products */,
			);
			sourceTree = "<group>";
		};
		52E8751E1DB5071900169C24 /* Products */ = {
			isa = PBXGroup;
			children = (
				52E8751D1DB5071900169C24 /* FYHelperDemo.app */,
				52E875391DB5071900169C24 /* FYHelperDemoTests.xctest */,
				52E875441DB5071900169C24 /* FYHelperDemoUITests.xctest */,
			);
			name = Products;
			sourceTree = "<group>";
		};
		52E8751F1DB5071900169C24 /* FYHelperDemo */ = {
			isa = PBXGroup;
			children = (
				52E875231DB5071900169C24 /* AppDelegate.h */,
				52E875241DB5071900169C24 /* AppDelegate.m */,
				52E875261DB5071900169C24 /* FirstViewController.h */,
				52E875271DB5071900169C24 /* FirstViewController.m */,
				52E875291DB5071900169C24 /* SecondViewController.h */,
				52E8752A1DB5071900169C24 /* SecondViewController.m */,
				52E8752C1DB5071900169C24 /* Main.storyboard */,
				52E8752F1DB5071900169C24 /* Assets.xcassets */,
				52E875311DB5071900169C24 /* LaunchScreen.storyboard */,
				52E875341DB5071900169C24 /* Info.plist */,
				52E875201DB5071900169C24 /* Supporting Files */,
			);
			path = FYHelperDemo;
			sourceTree = "<group>";
		};
		52E875201DB5071900169C24 /* Supporting Files */ = {
			isa = PBXGroup;
			children = (
				52E875211DB5071900169C24 /* main.m */,
			);
			name = "Supporting Files";
			sourceTree = "<group>";
		};
		52E8753C1DB5071900169C24 /* FYHelperDemoTests */ = {
			isa = PBXGroup;
			children = (
				52E8753D1DB5071900169C24 /* FYHelperDemoTests.m */,
				52E8753F1DB5071900169C24 /* Info.plist */,
			);
			path = FYHelperDemoTests;
			sourceTree = "<group>";
		};
		52E875471DB5071900169C24 /* FYHelperDemoUITests */ = {
			isa = PBXGroup;
			children = (
				52E875481DB5071900169C24 /* FYHelperDemoUITests.m */,
				52E8754A1DB5071900169C24 /* Info.plist */,
			);
			path = FYHelperDemoUITests;
			sourceTree = "<group>";
		};
		52E876031DB5215C00169C24 /* FYHelper */ = {
			isa = PBXGroup;
			children = (
				52E876041DB5215C00169C24 /* FYCategory */,
				52E8762E1DB5215C00169C24 /* FYSubclass */,
				52E876461DB5217C00169C24 /* FYHelper.h */,
			);
			name = FYHelper;
			path = ../FYHelper;
			sourceTree = "<group>";
		};
		52E876041DB5215C00169C24 /* FYCategory */ = {
			isa = PBXGroup;
			children = (
				52E876051DB5215C00169C24 /* CategoryUtils.h */,
				52E876061DB5215C00169C24 /* NSArray+Addition.h */,
				52E876071DB5215C00169C24 /* NSArray+Addition.m */,
				52E876081DB5215C00169C24 /* NSData+Addition.h */,
				52E876091DB5215C00169C24 /* NSData+Addition.m */,
				52E8760A1DB5215C00169C24 /* NSDate+Addition.h */,
				52E8760B1DB5215C00169C24 /* NSDate+Addition.m */,
				52E8760C1DB5215C00169C24 /* NSFileManager+Addition.h */,
				52E8760D1DB5215C00169C24 /* NSFileManager+Addition.m */,
				52E8760E1DB5215C00169C24 /* NSString+Addition.h */,
				52E8760F1DB5215C00169C24 /* NSString+Addition.m */,
				52E876101DB5215C00169C24 /* UIAlertView+Addition.h */,
				52E876111DB5215C00169C24 /* UIAlertView+Addition.m */,
				52E876121DB5215C00169C24 /* UIColor+Addition.h */,
				52E876131DB5215C00169C24 /* UIColor+Addition.m */,
				52E876141DB5215C00169C24 /* UIColor+Colours.h */,
				52E876151DB5215C00169C24 /* UIColor+Colours.m */,
				52E876161DB5215C00169C24 /* UIDevice+DeviceInfo.h */,
				52E876171DB5215C00169C24 /* UIDevice+DeviceInfo.m */,
				52E876181DB5215C00169C24 /* UIImage+Addition.h */,
				52E876191DB5215C00169C24 /* UIImage+Addition.m */,
				52E8761A1DB5215C00169C24 /* UILabel+Addition.h */,
				52E8761B1DB5215C00169C24 /* UILabel+Addition.m */,
				52E8761C1DB5215C00169C24 /* UINavigationController+Addition.h */,
				52E8761D1DB5215C00169C24 /* UINavigationController+Addition.m */,
				52E8761E1DB5215C00169C24 /* UINavigationItem+Addition.h */,
				52E8761F1DB5215C00169C24 /* UINavigationItem+Addition.m */,
				52E876221DB5215C00169C24 /* UITextField+LimitLength.h */,
				52E876231DB5215C00169C24 /* UITextField+LimitLength.m */,
				52E876241DB5215C00169C24 /* UIView+Addition.h */,
				52E876251DB5215C00169C24 /* UIView+Addition.m */,
				52E876261DB5215C00169C24 /* UIView+Animation.h */,
				52E876271DB5215C00169C24 /* UIView+Animation.m */,
				52E876281DB5215C00169C24 /* UIView+Frame.h */,
				52E876291DB5215C00169C24 /* UIView+Frame.m */,
				52E8762A1DB5215C00169C24 /* UIView+Layer.h */,
				52E8762B1DB5215C00169C24 /* UIView+Layer.m */,
			);
			path = FYCategory;
			sourceTree = "<group>";
		};
		52E8762E1DB5215C00169C24 /* FYSubclass */ = {
			isa = PBXGroup;
			children = (
				52E8762F1DB5215C00169C24 /* YITextField.h */,
				52E876301DB5215C00169C24 /* YITextField.m */,
			);
			path = FYSubclass;
			sourceTree = "<group>";
		};
/* End PBXGroup section */

/* Begin PBXNativeTarget section */
		52E8751C1DB5071900169C24 /* FYHelperDemo */ = {
			isa = PBXNativeTarget;
			buildConfigurationList = 52E8754D1DB5071900169C24 /* Build configuration list for PBXNativeTarget "FYHelperDemo" */;
			buildPhases = (
				52E875191DB5071900169C24 /* Sources */,
				52E8751A1DB5071900169C24 /* Frameworks */,
				52E8751B1DB5071900169C24 /* Resources */,
			);
			buildRules = (
			);
			dependencies = (
			);
			name = FYHelperDemo;
			productName = FYHelperDemo;
			productReference = 52E8751D1DB5071900169C24 /* FYHelperDemo.app */;
			productType = "com.apple.product-type.application";
		};
		52E875381DB5071900169C24 /* FYHelperDemoTests */ = {
			isa = PBXNativeTarget;
			buildConfigurationList = 52E875501DB5071900169C24 /* Build configuration list for PBXNativeTarget "FYHelperDemoTests" */;
			buildPhases = (
				52E875351DB5071900169C24 /* Sources */,
				52E875361DB5071900169C24 /* Frameworks */,
				52E875371DB5071900169C24 /* Resources */,
			);
			buildRules = (
			);
			dependencies = (
				52E8753B1DB5071900169C24 /* PBXTargetDependency */,
			);
			name = FYHelperDemoTests;
			productName = FYHelperDemoTests;
			productReference = 52E875391DB5071900169C24 /* FYHelperDemoTests.xctest */;
			productType = "com.apple.product-type.bundle.unit-test";
		};
		52E875431DB5071900169C24 /* FYHelperDemoUITests */ = {
			isa = PBXNativeTarget;
			buildConfigurationList = 52E875531DB5071900169C24 /* Build configuration list for PBXNativeTarget "FYHelperDemoUITests" */;
			buildPhases = (
				52E875401DB5071900169C24 /* Sources */,
				52E875411DB5071900169C24 /* Frameworks */,
				52E875421DB5071900169C24 /* Resources */,
			);
			buildRules = (
			);
			dependencies = (
				52E875461DB5071900169C24 /* PBXTargetDependency */,
			);
			name = FYHelperDemoUITests;
			productName = FYHelperDemoUITests;
			productReference = 52E875441DB5071900169C24 /* FYHelperDemoUITests.xctest */;
			productType = "com.apple.product-type.bundle.ui-testing";
		};
/* End PBXNativeTarget section */

/* Begin PBXProject section */
		52E875151DB5071900169C24 /* Project object */ = {
			isa = PBXProject;
			attributes = {
				LastUpgradeCheck = 0800;
				ORGANIZATIONNAME = buerguo;
				TargetAttributes = {
					52E8751C1DB5071900169C24 = {
						CreatedOnToolsVersion = 8.0;
						DevelopmentTeam = 9LA84498JK;
						ProvisioningStyle = Automatic;
					};
					52E875381DB5071900169C24 = {
						CreatedOnToolsVersion = 8.0;
						DevelopmentTeam = 9LA84498JK;
						ProvisioningStyle = Automatic;
						TestTargetID = 52E8751C1DB5071900169C24;
					};
					52E875431DB5071900169C24 = {
						CreatedOnToolsVersion = 8.0;
						DevelopmentTeam = 9LA84498JK;
						ProvisioningStyle = Automatic;
						TestTargetID = 52E8751C1DB5071900169C24;
					};
				};
			};
			buildConfigurationList = 52E875181DB5071900169C24 /* Build configuration list for PBXProject "FYHelperDemo" */;
			compatibilityVersion = "Xcode 3.2";
			developmentRegion = English;
			hasScannedForEncodings = 0;
			knownRegions = (
				en,
				Base,
			);
			mainGroup = 52E875141DB5071900169C24;
			productRefGroup = 52E8751E1DB5071900169C24 /* Products */;
			projectDirPath = "";
			projectRoot = "";
			targets = (
				52E8751C1DB5071900169C24 /* FYHelperDemo */,
				52E875381DB5071900169C24 /* FYHelperDemoTests */,
				52E875431DB5071900169C24 /* FYHelperDemoUITests */,
			);
		};
/* End PBXProject section */

/* Begin PBXResourcesBuildPhase section */
		52E8751B1DB5071900169C24 /* Resources */ = {
			isa = PBXResourcesBuildPhase;
			buildActionMask = 2147483647;
			files = (
				52E875331DB5071900169C24 /* LaunchScreen.storyboard in Resources */,
				52E875301DB5071900169C24 /* Assets.xcassets in Resources */,
				52E8752E1DB5071900169C24 /* Main.storyboard in Resources */,
			);
			runOnlyForDeploymentPostprocessing = 0;
		};
		52E875371DB5071900169C24 /* Resources */ = {
			isa = PBXResourcesBuildPhase;
			buildActionMask = 2147483647;
			files = (
			);
			runOnlyForDeploymentPostprocessing = 0;
		};
		52E875421DB5071900169C24 /* Resources */ = {
			isa = PBXResourcesBuildPhase;
			buildActionMask = 2147483647;
			files = (
			);
			runOnlyForDeploymentPostprocessing = 0;
		};
/* End PBXResourcesBuildPhase section */

/* Begin PBXSourcesBuildPhase section */
		52E875191DB5071900169C24 /* Sources */ = {
			isa = PBXSourcesBuildPhase;
			buildActionMask = 2147483647;
			files = (
				52E876391DB5215C00169C24 /* UIDevice+DeviceInfo.m in Sources */,
				52E8752B1DB5071900169C24 /* SecondViewController.m in Sources */,
				52E8763F1DB5215C00169C24 /* UITextField+LimitLength.m in Sources */,
				52E876351DB5215C00169C24 /* NSString+Addition.m in Sources */,
				52E876451DB5215C00169C24 /* YITextField.m in Sources */,
				52E875251DB5071900169C24 /* AppDelegate.m in Sources */,
				52E876331DB5215C00169C24 /* NSDate+Addition.m in Sources */,
				52E8763A1DB5215C00169C24 /* UIImage+Addition.m in Sources */,
				52E876431DB5215C00169C24 /* UIView+Layer.m in Sources */,
				52E875281DB5071900169C24 /* FirstViewController.m in Sources */,
				52E8763D1DB5215C00169C24 /* UINavigationItem+Addition.m in Sources */,
				52E876421DB5215C00169C24 /* UIView+Frame.m in Sources */,
				52E875221DB5071900169C24 /* main.m in Sources */,
				52E8763B1DB5215C00169C24 /* UILabel+Addition.m in Sources */,
				52E876321DB5215C00169C24 /* NSData+Addition.m in Sources */,
				52E876381DB5215C00169C24 /* UIColor+Colours.m in Sources */,
				52E876341DB5215C00169C24 /* NSFileManager+Addition.m in Sources */,
				52E876411DB5215C00169C24 /* UIView+Animation.m in Sources */,
				52E876371DB5215C00169C24 /* UIColor+Addition.m in Sources */,
				52E876401DB5215C00169C24 /* UIView+Addition.m in Sources */,
				52E876311DB5215C00169C24 /* NSArray+Addition.m in Sources */,
				52E876361DB5215C00169C24 /* UIAlertView+Addition.m in Sources */,
				52E8763C1DB5215C00169C24 /* UINavigationController+Addition.m in Sources */,
			);
			runOnlyForDeploymentPostprocessing = 0;
		};
		52E875351DB5071900169C24 /* Sources */ = {
			isa = PBXSourcesBuildPhase;
			buildActionMask = 2147483647;
			files = (
				52E8753E1DB5071900169C24 /* FYHelperDemoTests.m in Sources */,
			);
			runOnlyForDeploymentPostprocessing = 0;
		};
		52E875401DB5071900169C24 /* Sources */ = {
			isa = PBXSourcesBuildPhase;
			buildActionMask = 2147483647;
			files = (
				52E875491DB5071900169C24 /* FYHelperDemoUITests.m in Sources */,
			);
			runOnlyForDeploymentPostprocessing = 0;
		};
/* End PBXSourcesBuildPhase section */

/* Begin PBXTargetDependency section */
		52E8753B1DB5071900169C24 /* PBXTargetDependency */ = {
			isa = PBXTargetDependency;
			target = 52E8751C1DB5071900169C24 /* FYHelperDemo */;
			targetProxy = 52E8753A1DB5071900169C24 /* PBXContainerItemProxy */;
		};
		52E875461DB5071900169C24 /* PBXTargetDependency */ = {
			isa = PBXTargetDependency;
			target = 52E8751C1DB5071900169C24 /* FYHelperDemo */;
			targetProxy = 52E875451DB5071900169C24 /* PBXContainerItemProxy */;
		};
/* End PBXTargetDependency section */

/* Begin PBXVariantGroup section */
		52E8752C1DB5071900169C24 /* Main.storyboard */ = {
			isa = PBXVariantGroup;
			children = (
				52E8752D1DB5071900169C24 /* Base */,
			);
			name = Main.storyboard;
			sourceTree = "<group>";
		};
		52E875311DB5071900169C24 /* LaunchScreen.storyboard */ = {
			isa = PBXVariantGroup;
			children = (
				52E875321DB5071900169C24 /* Base */,
			);
			name = LaunchScreen.storyboard;
			sourceTree = "<group>";
		};
/* End PBXVariantGroup section */

/* Begin XCBuildConfiguration section */
		52E8754B1DB5071900169C24 /* Debug */ = {
			isa = XCBuildConfiguration;
			buildSettings = {
				ALWAYS_SEARCH_USER_PATHS = NO;
				CLANG_ANALYZER_NONNULL = YES;
				CLANG_CXX_LANGUAGE_STANDARD = "gnu++0x";
				CLANG_CXX_LIBRARY = "libc++";
				CLANG_ENABLE_MODULES = YES;
				CLANG_ENABLE_OBJC_ARC = YES;
				CLANG_WARN_BOOL_CONVERSION = YES;
				CLANG_WARN_CONSTANT_CONVERSION = YES;
				CLANG_WARN_DIRECT_OBJC_ISA_USAGE = YES_ERROR;
				CLANG_WARN_DOCUMENTATION_COMMENTS = YES;
				CLANG_WARN_EMPTY_BODY = YES;
				CLANG_WARN_ENUM_CONVERSION = YES;
				CLANG_WARN_INFINITE_RECURSION = YES;
				CLANG_WARN_INT_CONVERSION = YES;
				CLANG_WARN_OBJC_ROOT_CLASS = YES_ERROR;
				CLANG_WARN_SUSPICIOUS_MOVES = YES;
				CLANG_WARN_UNREACHABLE_CODE = YES;
				CLANG_WARN__DUPLICATE_METHOD_MATCH = YES;
				"CODE_SIGN_IDENTITY[sdk=iphoneos*]" = "iPhone Developer";
				COPY_PHASE_STRIP = NO;
				DEBUG_INFORMATION_FORMAT = dwarf;
				ENABLE_STRICT_OBJC_MSGSEND = YES;
				ENABLE_TESTABILITY = YES;
				GCC_C_LANGUAGE_STANDARD = gnu99;
				GCC_DYNAMIC_NO_PIC = NO;
				GCC_NO_COMMON_BLOCKS = YES;
				GCC_OPTIMIZATION_LEVEL = 0;
				GCC_PREPROCESSOR_DEFINITIONS = (
					"DEBUG=1",
					"$(inherited)",
				);
				GCC_WARN_64_TO_32_BIT_CONVERSION = YES;
				GCC_WARN_ABOUT_RETURN_TYPE = YES_ERROR;
				GCC_WARN_UNDECLARED_SELECTOR = YES;
				GCC_WARN_UNINITIALIZED_AUTOS = YES_AGGRESSIVE;
				GCC_WARN_UNUSED_FUNCTION = YES;
				GCC_WARN_UNUSED_VARIABLE = YES;
				IPHONEOS_DEPLOYMENT_TARGET = 10.0;
				MTL_ENABLE_DEBUG_INFO = YES;
				ONLY_ACTIVE_ARCH = YES;
				SDKROOT = iphoneos;
			};
			name = Debug;
		};
		52E8754C1DB5071900169C24 /* Release */ = {
			isa = XCBuildConfiguration;
			buildSettings = {
				ALWAYS_SEARCH_USER_PATHS = NO;
				CLANG_ANALYZER_NONNULL = YES;
				CLANG_CXX_LANGUAGE_STANDARD = "gnu++0x";
				CLANG_CXX_LIBRARY = "libc++";
				CLANG_ENABLE_MODULES = YES;
				CLANG_ENABLE_OBJC_ARC = YES;
				CLANG_WARN_BOOL_CONVERSION = YES;
				CLANG_WARN_CONSTANT_CONVERSION = YES;
				CLANG_WARN_DIRECT_OBJC_ISA_USAGE = YES_ERROR;
				CLANG_WARN_DOCUMENTATION_COMMENTS = YES;
				CLANG_WARN_EMPTY_BODY = YES;
				CLANG_WARN_ENUM_CONVERSION = YES;
				CLANG_WARN_INFINITE_RECURSION = YES;
				CLANG_WARN_INT_CONVERSION = YES;
				CLANG_WARN_OBJC_ROOT_CLASS = YES_ERROR;
				CLANG_WARN_SUSPICIOUS_MOVES = YES;
				CLANG_WARN_UNREACHABLE_CODE = YES;
				CLANG_WARN__DUPLICATE_METHOD_MATCH = YES;
				"CODE_SIGN_IDENTITY[sdk=iphoneos*]" = "iPhone Developer";
				COPY_PHASE_STRIP = NO;
				DEBUG_INFORMATION_FORMAT = "dwarf-with-dsym";
				ENABLE_NS_ASSERTIONS = NO;
				ENABLE_STRICT_OBJC_MSGSEND = YES;
				GCC_C_LANGUAGE_STANDARD = gnu99;
				GCC_NO_COMMON_BLOCKS = YES;
				GCC_WARN_64_TO_32_BIT_CONVERSION = YES;
				GCC_WARN_ABOUT_RETURN_TYPE = YES_ERROR;
				GCC_WARN_UNDECLARED_SELECTOR = YES;
				GCC_WARN_UNINITIALIZED_AUTOS = YES_AGGRESSIVE;
				GCC_WARN_UNUSED_FUNCTION = YES;
				GCC_WARN_UNUSED_VARIABLE = YES;
				IPHONEOS_DEPLOYMENT_TARGET = 10.0;
				MTL_ENABLE_DEBUG_INFO = NO;
				SDKROOT = iphoneos;
				VALIDATE_PRODUCT = YES;
			};
			name = Release;
		};
		52E8754E1DB5071900169C24 /* Debug */ = {
			isa = XCBuildConfiguration;
			buildSettings = {
				ASSETCATALOG_COMPILER_APPICON_NAME = AppIcon;
				DEVELOPMENT_TEAM = 9LA84498JK;
				INFOPLIST_FILE = FYHelperDemo/Info.plist;
				LD_RUNPATH_SEARCH_PATHS = "$(inherited) @executable_path/Frameworks";
				PRODUCT_BUNDLE_IDENTIFIER = com.buerguo.FYHelperDemo;
				PRODUCT_NAME = "$(TARGET_NAME)";
			};
			name = Debug;
		};
		52E8754F1DB5071900169C24 /* Release */ = {
			isa = XCBuildConfiguration;
			buildSettings = {
				ASSETCATALOG_COMPILER_APPICON_NAME = AppIcon;
				DEVELOPMENT_TEAM = 9LA84498JK;
				INFOPLIST_FILE = FYHelperDemo/Info.plist;
				LD_RUNPATH_SEARCH_PATHS = "$(inherited) @executable_path/Frameworks";
				PRODUCT_BUNDLE_IDENTIFIER = com.buerguo.FYHelperDemo;
				PRODUCT_NAME = "$(TARGET_NAME)";
			};
			name = Release;
		};
		52E875511DB5071900169C24 /* Debug */ = {
			isa = XCBuildConfiguration;
			buildSettings = {
				BUNDLE_LOADER = "$(TEST_HOST)";
				DEVELOPMENT_TEAM = 9LA84498JK;
				INFOPLIST_FILE = FYHelperDemoTests/Info.plist;
				LD_RUNPATH_SEARCH_PATHS = "$(inherited) @executable_path/Frameworks @loader_path/Frameworks";
				PRODUCT_BUNDLE_IDENTIFIER = com.buerguo.FYHelperDemoTests;
				PRODUCT_NAME = "$(TARGET_NAME)";
				TEST_HOST = "$(BUILT_PRODUCTS_DIR)/FYHelperDemo.app/FYHelperDemo";
			};
			name = Debug;
		};
		52E875521DB5071900169C24 /* Release */ = {
			isa = XCBuildConfiguration;
			buildSettings = {
				BUNDLE_LOADER = "$(TEST_HOST)";
				DEVELOPMENT_TEAM = 9LA84498JK;
				INFOPLIST_FILE = FYHelperDemoTests/Info.plist;
				LD_RUNPATH_SEARCH_PATHS = "$(inherited) @executable_path/Frameworks @loader_path/Frameworks";
				PRODUCT_BUNDLE_IDENTIFIER = com.buerguo.FYHelperDemoTests;
				PRODUCT_NAME = "$(TARGET_NAME)";
				TEST_HOST = "$(BUILT_PRODUCTS_DIR)/FYHelperDemo.app/FYHelperDemo";
			};
			name = Release;
		};
		52E875541DB5071900169C24 /* Debug */ = {
			isa = XCBuildConfiguration;
			buildSettings = {
				DEVELOPMENT_TEAM = 9LA84498JK;
				INFOPLIST_FILE = FYHelperDemoUITests/Info.plist;
				LD_RUNPATH_SEARCH_PATHS = "$(inherited) @executable_path/Frameworks @loader_path/Frameworks";
				PRODUCT_BUNDLE_IDENTIFIER = com.buerguo.FYHelperDemoUITests;
				PRODUCT_NAME = "$(TARGET_NAME)";
				TEST_TARGET_NAME = FYHelperDemo;
			};
			name = Debug;
		};
		52E875551DB5071900169C24 /* Release */ = {
			isa = XCBuildConfiguration;
			buildSettings = {
				DEVELOPMENT_TEAM = 9LA84498JK;
				INFOPLIST_FILE = FYHelperDemoUITests/Info.plist;
				LD_RUNPATH_SEARCH_PATHS = "$(inherited) @executable_path/Frameworks @loader_path/Frameworks";
				PRODUCT_BUNDLE_IDENTIFIER = com.buerguo.FYHelperDemoUITests;
				PRODUCT_NAME = "$(TARGET_NAME)";
				TEST_TARGET_NAME = FYHelperDemo;
			};
			name = Release;
		};
/* End XCBuildConfiguration section */

/* Begin XCConfigurationList section */
		52E875181DB5071900169C24 /* Build configuration list for PBXProject "FYHelperDemo" */ = {
			isa = XCConfigurationList;
			buildConfigurations = (
				52E8754B1DB5071900169C24 /* Debug */,
				52E8754C1DB5071900169C24 /* Release */,
			);
			defaultConfigurationIsVisible = 0;
			defaultConfigurationName = Release;
		};
		52E8754D1DB5071900169C24 /* Build configuration list for PBXNativeTarget "FYHelperDemo" */ = {
			isa = XCConfigurationList;
			buildConfigurations = (
				52E8754E1DB5071900169C24 /* Debug */,
				52E8754F1DB5071900169C24 /* Release */,
			);
			defaultConfigurationIsVisible = 0;
			defaultConfigurationName = Release;
		};
		52E875501DB5071900169C24 /* Build configuration list for PBXNativeTarget "FYHelperDemoTests" */ = {
			isa = XCConfigurationList;
			buildConfigurations = (
				52E875511DB5071900169C24 /* Debug */,
				52E875521DB5071900169C24 /* Release */,
			);
			defaultConfigurationIsVisible = 0;
			defaultConfigurationName = Release;
		};
		52E875531DB5071900169C24 /* Build configuration list for PBXNativeTarget "FYHelperDemoUITests" */ = {
			isa = XCConfigurationList;
			buildConfigurations = (
				52E875541DB5071900169C24 /* Debug */,
				52E875551DB5071900169C24 /* Release */,
			);
			defaultConfigurationIsVisible = 0;
			defaultConfigurationName = Release;
		};
/* End XCConfigurationList section */
	};
	rootObject = 52E875151DB5071900169C24 /* Project object */;
}
