PODS:
  - AFNetworking (3.1.0):
    - AFNetworking/NSURLSession (= 3.1.0)
    - AFNetworking/Reachability (= 3.1.0)
    - AFNetworking/Security (= 3.1.0)
    - AFNetworking/Serialization (= 3.1.0)
    - AFNetworking/UIKit (= 3.1.0)
  - AFNetworking/NSURLSession (3.1.0):
    - AFNetworking/Reachability
    - AFNetworking/Security
    - AFNetworking/Serialization
  - AFNetworking/Reachability (3.1.0)
  - AFNetworking/Security (3.1.0)
  - AFNetworking/Serialization (3.1.0)
  - AFNetworking/UIKit (3.1.0):
    - AFNetworking/NSURLSession
  - BuglyHotfix (2.0.0):
    - BuglyHotfix/Core (= 2.0.0)
  - BuglyHotfix/Core (2.0.0)
  - DZNEmptyDataSet (1.8.1)
  - FLEX (2.4.0)
  - FMDB (2.7.2):
    - FMDB/standard (= 2.7.2)
  - FMDB/standard (2.7.2)
  - FYHelper (0.0.17):
    - AFNetworking
    - BuglyHotfix
    - DZNEmptyDataSet
    - FLEX
    - FMDB
    - FYHelper/FYCategory (= 0.0.17)
    - FYHelper/FYInstall (= 0.0.17)
    - FYHelper/FYSubclass (= 0.0.17)
    - FYHelper/FYUIKit (= 0.0.17)
    - FYHelper/FYUtil (= 0.0.17)
    - Instabug
    - iVersion
    - KVOController
    - Masonry
    - pop
  - FYHelper/FYCategory (0.0.17):
    - AFNetworking
    - BuglyHotfix
    - DZNEmptyDataSet
    - FLEX
    - FMDB
    - FYHelper/FYUtil
    - Instabug
    - iVersion
    - KVOController
    - Masonry
    - pop
  - FYHelper/FYInstall (0.0.17):
    - AFNetworking
    - BuglyHotfix
    - DZNEmptyDataSet
    - FLEX
    - FMDB
    - FYHelper/FYUtil
    - Instabug
    - iVersion
    - KVOController
    - Masonry
    - pop
  - FYHelper/FYSubclass (0.0.17):
    - AFNetworking
    - BuglyHotfix
    - DZNEmptyDataSet
    - FLEX
    - FMDB
    - Instabug
    - iVersion
    - KVOController
    - Masonry
    - pop
  - FYHelper/FYUIKit (0.0.17):
    - AFNetworking
    - BuglyHotfix
    - DZNEmptyDataSet
    - FLEX
    - FMDB
    - FYHelper/FYUtil
    - Instabug
    - iVersion
    - KVOController
    - Masonry
    - pop
  - FYHelper/FYUtil (0.0.17):
    - AFNetworking
    - BuglyHotfix
    - DZNEmptyDataSet
    - FLEX
    - FMDB
    - Instabug
    - iVersion
    - KVOController
    - Masonry
    - pop
  - Instabug (7.2.9)
  - iVersion (1.11.5)
  - KVOController (1.2.0)
  - Masonry (1.0.2)
  - pop (1.0.10)

DEPENDENCIES:
  - FYHelper

SPEC CHECKSUMS:
  AFNetworking: 5e0e199f73d8626b11e79750991f5d173d1f8b67
  BuglyHotfix: c56f21af72dda3acdc0b611d351b0bbb86fb2464
  DZNEmptyDataSet: 9525833b9e68ac21c30253e1d3d7076cc828eaa7
  FLEX: bd1a39e55b56bb413b6f1b34b3c10a0dc44ef079
  FMDB: 6198a90e7b6900cfc046e6bc0ef6ebb7be9236aa
  FYHelper: a5a2841a0921235655753157c612e44d6b902127
  Instabug: 3454aeae7b537d8dfccf8a0a25b07a7bfe616854
  iVersion: 3a93a89259eb3b52b0a8ba52c46a0027fa6b4d30
  KVOController: d72ace34afea42468329623b3379ab3cd1d286b6
  Masonry: 7c429b56da9d4ee0bbb3ed77a5ea710d6a5df39e
  pop: 82ca6b068ce9278fd350fd9dd09482a0ce9492e6

PODFILE CHECKSUM: 2e2aa3f5a6d2f2730746d668c5f0865b30988fd2

COCOAPODS: 1.2.1
